{
  "pins" : [
    {
      "identity" : "generic-json-swift",
      "kind" : "remoteSourceControl",
      "location" : "https://github.com/iwill/generic-json-swift",
      "state" : {
        "branch" : "master",
        "revision" : "b010e534371c78cfba8f9a517a36577ad1d71501"
      }
    },
    {
      "identity" : "swift-numerics",
      "kind" : "remoteSourceControl",
      "location" : "https://github.com/apple/swift-numerics",
      "state" : {
        "branch" : "Quaternions",
        "revision" : "57508977327c7ae9f7bb89ce5e0654ca8e8a4822"
      }
    }
  ],
  "version" : 2
}
