{
  "pins" : [
    {
      "identity" : "hdl",
      "kind" : "remoteSourceControl",
      "location" : "https://github.com/philipturner/HDL",
      "state" : {
        "branch" : "main",
        "revision" : "3589e2c74f21c4aae84054f9005989d32bbb7def"
      }
    },
    {
      "identity" : "keycodes",
      "kind" : "remoteSourceControl",
      "location" : "https://github.com/ChimeHQ/KeyCodes",
      "state" : {
        "revision" : "90f1d748200bda88c592537fd04163b36c2c57e6",
        "version" : "0.1.1"
      }
    },
    {
      "identity" : "mm4",
      "kind" : "remoteSourceControl",
      "location" : "https://github.com/philipturner/MM4",
      "state" : {
        "branch" : "non-carbon-elements",
        "revision" : "146561419cef9ad08410be3555e6bb4848e6a08b"
      }
    },
    {
      "identity" : "swift-atomics",
      "kind" : "remoteSourceControl",
      "location" : "https://github.com/apple/swift-atomics.git",
      "state" : {
        "revision" : "cd142fd2f64be2100422d658e7411e39489da985",
        "version" : "1.2.0"
      }
    },
    {
      "identity" : "swift-numerics",
      "kind" : "remoteSourceControl",
      "location" : "https://github.com/philipturner/swift-numerics",
      "state" : {
        "branch" : "Quaternions",
        "revision" : "b0e86b6fd7e7d92aa008a28a9800c58a2489e1d2"
      }
    },
    {
      "identity" : "swift-openmm",
      "kind" : "remoteSourceControl",
      "location" : "https://github.com/philipturner/swift-openmm",
      "state" : {
        "branch" : "main",
        "revision" : "68f8c63fb7d812733478812949ef3dc7a9cc6057"
      }
    }
  ],
  "version" : 2
}
