{
  "pins" : [
    {
      "identity" : "keycodes",
      "kind" : "remoteSourceControl",
      "location" : "https://github.com/ChimeHQ/KeyCodes",
      "state" : {
        "revision" : "90f1d748200bda88c592537fd04163b36c2c57e6",
        "version" : "0.1.1"
      }
    },
    {
      "identity" : "mm4",
      "kind" : "remoteSourceControl",
      "location" : "https://github.com/philipturner/MM4",
      "state" : {
        "branch" : "main",
        "revision" : "2f32e2c646999455d586108774e61deee7b82e22"
      }
    },
    {
      "identity" : "swift-argument-parser",
      "kind" : "remoteSourceControl",
      "location" : "https://github.com/apple/swift-argument-parser.git",
      "state" : {
        "revision" : "9564d61b08a5335ae0a36f789a7d71493eacadfc",
        "version" : "0.3.2"
      }
    },
    {
      "identity" : "swift-atomics",
      "kind" : "remoteSourceControl",
      "location" : "https://github.com/apple/swift-atomics.git",
      "state" : {
        "revision" : "6c89474e62719ddcc1e9614989fff2f68208fe10",
        "version" : "1.1.0"
      }
    },
    {
      "identity" : "swift-cairo",
      "kind" : "remoteSourceControl",
      "location" : "https://github.com/fwcd/swift-cairo.git",
      "state" : {
        "revision" : "389ad220eef69e315713ce3f6b23bb5437eb09c3",
        "version" : "1.3.3"
      }
    },
    {
      "identity" : "swift-gif",
      "kind" : "remoteSourceControl",
      "location" : "https://github.com/philipturner/swift-gif",
      "state" : {
        "branch" : "main",
        "revision" : "71692155b7d6e942cbe81492e91bd2475bf8b833"
      }
    },
    {
      "identity" : "swift-graphics",
      "kind" : "remoteSourceControl",
      "location" : "https://github.com/fwcd/swift-graphics.git",
      "state" : {
        "revision" : "d57c3f5b4deb36009301ae3628bb2400f466c8e4",
        "version" : "2.1.0"
      }
    },
    {
      "identity" : "swift-log",
      "kind" : "remoteSourceControl",
      "location" : "https://github.com/apple/swift-log.git",
      "state" : {
        "revision" : "532d8b529501fb73a2455b179e0bbb6d49b652ed",
        "version" : "1.5.3"
      }
    },
    {
      "identity" : "swift-numerics",
      "kind" : "remoteSourceControl",
      "location" : "https://github.com/apple/swift-numerics",
      "state" : {
        "branch" : "Quaternions",
        "revision" : "57508977327c7ae9f7bb89ce5e0654ca8e8a4822"
      }
    },
    {
      "identity" : "swift-openmm",
      "kind" : "remoteSourceControl",
      "location" : "https://github.com/philipturner/swift-openmm",
      "state" : {
        "branch" : "main",
        "revision" : "0a4f7bbcef46a1647ad7ed1cc63076834f362834"
      }
    },
    {
      "identity" : "swift-utils",
      "kind" : "remoteSourceControl",
      "location" : "https://github.com/fwcd/swift-utils.git",
      "state" : {
        "revision" : "31ed21dabedba93b3892adc0ec617787c9bf515e",
        "version" : "2.0.1"
      }
    },
    {
      "identity" : "swiftsoup",
      "kind" : "remoteSourceControl",
      "location" : "https://github.com/scinfu/SwiftSoup.git",
      "state" : {
        "revision" : "8b6cf29eead8841a1fa7822481cb3af4ddaadba6",
        "version" : "2.6.1"
      }
    },
    {
      "identity" : "xmlcoder",
      "kind" : "remoteSourceControl",
      "location" : "https://github.com/MaxDesiatov/XMLCoder.git",
      "state" : {
        "revision" : "b1e944cbd0ef33787b13f639a5418d55b3bed501",
        "version" : "0.17.1"
      }
    }
  ],
  "version" : 2
}
