{
  "pins" : [
    {
      "identity" : "hdl",
      "kind" : "remoteSourceControl",
      "location" : "https://github.com/philipturner/HDL",
      "state" : {
        "branch" : "main",
        "revision" : "8c3ae43c0c2536042b59320c82010eaf641cff13"
      }
    },
    {
      "identity" : "keycodes",
      "kind" : "remoteSourceControl",
      "location" : "https://github.com/ChimeHQ/KeyCodes",
      "state" : {
        "revision" : "90f1d748200bda88c592537fd04163b36c2c57e6",
        "version" : "0.1.1"
      }
    },
    {
      "identity" : "mm4",
      "kind" : "remoteSourceControl",
      "location" : "https://github.com/philipturner/MM4",
      "state" : {
        "branch" : "main",
        "revision" : "ba54b5e1120fd82f206964164deccd745dbde139"
      }
    },
    {
      "identity" : "swift-atomics",
      "kind" : "remoteSourceControl",
      "location" : "https://github.com/apple/swift-atomics.git",
      "state" : {
        "revision" : "cd142fd2f64be2100422d658e7411e39489da985",
        "version" : "1.2.0"
      }
    },
    {
      "identity" : "swift-numerics",
      "kind" : "remoteSourceControl",
      "location" : "https://github.com/philipturner/swift-numerics",
      "state" : {
        "branch" : "Quaternions",
        "revision" : "b0e86b6fd7e7d92aa008a28a9800c58a2489e1d2"
      }
    },
    {
      "identity" : "swift-openmm",
      "kind" : "remoteSourceControl",
      "location" : "https://github.com/philipturner/swift-openmm",
      "state" : {
        "branch" : "main",
        "revision" : "a28bdb71dfa198779f477695620569a99d122333"
      }
    }
  ],
  "version" : 2
}
