// !$*UTF8*$!
{
	archiveVersion = 1;
	classes = {
	};
	objectVersion = 60;
	objects = {

/* Begin PBXBuildFile section */
		9802CB302A71AA76004AFD03 /* Serialization.metal in Sources */ = {isa = PBXBuildFile; fileRef = 9802CB2F2A71AA76004AFD03 /* Serialization.metal */; };
		9814BFD22B22C45000BA5B24 /* MolecularRenderer in Frameworks */ = {isa = PBXBuildFile; productRef = 9814BFD12B22C45000BA5B24 /* MolecularRenderer */; };
		9814BFD52B22C57100BA5B24 /* MM4 in Frameworks */ = {isa = PBXBuildFile; productRef = 9814BFD42B22C57100BA5B24 /* MM4 */; };
		9814BFD82B22C58A00BA5B24 /* HDL in Frameworks */ = {isa = PBXBuildFile; productRef = 9814BFD72B22C58A00BA5B24 /* HDL */; };
		9818223E2AE56D57009CFAA8 /* KeyCodes in Frameworks */ = {isa = PBXBuildFile; productRef = 9818223D2AE56D57009CFAA8 /* KeyCodes */; };
		981822412AE56D5E009CFAA8 /* Atomics in Frameworks */ = {isa = PBXBuildFile; productRef = 981822402AE56D5E009CFAA8 /* Atomics */; };
		981822472AE56D7C009CFAA8 /* GIF in Frameworks */ = {isa = PBXBuildFile; productRef = 981822462AE56D7C009CFAA8 /* GIF */; };
		981822552AE574C0009CFAA8 /* OpenMM in Frameworks */ = {isa = PBXBuildFile; productRef = 981822542AE574C0009CFAA8 /* OpenMM */; };
		981FCFF029ECAE36009904A2 /* CrosshairView.swift in Sources */ = {isa = PBXBuildFile; fileRef = 981FCFEF29ECAE36009904A2 /* CrosshairView.swift */; };
		981FCFF229ECAF24009904A2 /* Coordinator.swift in Sources */ = {isa = PBXBuildFile; fileRef = 981FCFF129ECAF24009904A2 /* Coordinator.swift */; };
		981FCFF429EF52E9009904A2 /* PlayerState.swift in Sources */ = {isa = PBXBuildFile; fileRef = 981FCFF329EF52E9009904A2 /* PlayerState.swift */; };
		98247CBB2AF0656100958BC5 /* Nanosystems_Chapter12_Figure1_file2.swift in Sources */ = {isa = PBXBuildFile; fileRef = 98247CBA2AF0656100958BC5 /* Nanosystems_Chapter12_Figure1_file2.swift */; };
		98325C502A6B4FD100A4D7BB /* Nanosystems.swift in Sources */ = {isa = PBXBuildFile; fileRef = 98325C4F2A6B4FD100A4D7BB /* Nanosystems.swift */; };
		98325C522A6B4FDE00A4D7BB /* Nanosystems_Chapter9.swift in Sources */ = {isa = PBXBuildFile; fileRef = 98325C512A6B4FDE00A4D7BB /* Nanosystems_Chapter9.swift */; };
		98325C542A6B501700A4D7BB /* Nanosystems_Chapter9_Figure2.swift in Sources */ = {isa = PBXBuildFile; fileRef = 98325C532A6B501700A4D7BB /* Nanosystems_Chapter9_Figure2.swift */; };
		98325C562A6B512900A4D7BB /* MRAtomInterface.swift in Sources */ = {isa = PBXBuildFile; fileRef = 98325C552A6B512900A4D7BB /* MRAtomInterface.swift */; };
		98325C582A6C1A3800A4D7BB /* Diamondoid.swift in Sources */ = {isa = PBXBuildFile; fileRef = 98325C572A6C1A3800A4D7BB /* Diamondoid.swift */; };
		98325C5A2A6C617500A4D7BB /* NanosystemsFigure.swift in Sources */ = {isa = PBXBuildFile; fileRef = 98325C592A6C617500A4D7BB /* NanosystemsFigure.swift */; };
		98325C5E2A6CA28F00A4D7BB /* Nanosystems_Chapter9_Figure5.swift in Sources */ = {isa = PBXBuildFile; fileRef = 98325C5D2A6CA28F00A4D7BB /* Nanosystems_Chapter9_Figure5.swift */; };
		98325C602A6CA2A300A4D7BB /* Nanosystems_Chapter9_Figure6.swift in Sources */ = {isa = PBXBuildFile; fileRef = 98325C5F2A6CA2A300A4D7BB /* Nanosystems_Chapter9_Figure6.swift */; };
		98325C622A6D76E500A4D7BB /* Serializer.swift in Sources */ = {isa = PBXBuildFile; fileRef = 98325C612A6D76E500A4D7BB /* Serializer.swift */; };
		98325C722A6DC84400A4D7BB /* Nanosystems_Chapter9_Figure3.swift in Sources */ = {isa = PBXBuildFile; fileRef = 98325C712A6DC84400A4D7BB /* Nanosystems_Chapter9_Figure3.swift */; };
		984F72192A6E130A00C15D4A /* Nanosystems_Chapter9_Figure8.swift in Sources */ = {isa = PBXBuildFile; fileRef = 984F72182A6E130A00C15D4A /* Nanosystems_Chapter9_Figure8.swift */; };
		98518AE32A74A6BD00CAD919 /* Nanosystems_Chapter4.swift in Sources */ = {isa = PBXBuildFile; fileRef = 98518AE22A74A6BD00CAD919 /* Nanosystems_Chapter4.swift */; };
		98518AE52A74A6EC00CAD919 /* Nanosystems_Chapter4_Figure3.swift in Sources */ = {isa = PBXBuildFile; fileRef = 98518AE42A74A6EC00CAD919 /* Nanosystems_Chapter4_Figure3.swift */; };
		98518AE72A74A8C200CAD919 /* Nanosystems_Chapter4_Figure4.swift in Sources */ = {isa = PBXBuildFile; fileRef = 98518AE62A74A8C200CAD919 /* Nanosystems_Chapter4_Figure4.swift */; };
		98518AF72A75845600CAD919 /* MM4.swift in Sources */ = {isa = PBXBuildFile; fileRef = 98518AF62A75845600CAD919 /* MM4.swift */; };
		98518AFD2A774F8E00CAD919 /* DiamondoidCollision.swift in Sources */ = {isa = PBXBuildFile; fileRef = 98518AFC2A774F8E00CAD919 /* DiamondoidCollision.swift */; };
		9852E87B29EB6D1600D0E779 /* EventTracker.swift in Sources */ = {isa = PBXBuildFile; fileRef = 9852E87A29EB6D1600D0E779 /* EventTracker.swift */; };
		9852E88329EB8CFA00D0E779 /* README.md in Resources */ = {isa = PBXBuildFile; fileRef = 9852E88229EB8CFA00D0E779 /* README.md */; };
		98537EAF2A62EA3D0037C392 /* DenseGrid.metal in Sources */ = {isa = PBXBuildFile; fileRef = 98537EAE2A62EA3D0037C392 /* DenseGrid.metal */; };
		98537EB32A62EA940037C392 /* Memory.metal in Sources */ = {isa = PBXBuildFile; fileRef = 98537EB22A62EA940037C392 /* Memory.metal */; };
		98537EB52A62FD230037C392 /* FaultCounter.metal in Sources */ = {isa = PBXBuildFile; fileRef = 98537EB42A62FD230037C392 /* FaultCounter.metal */; };
		98537EB72A63107F0037C392 /* Atomic.metal in Sources */ = {isa = PBXBuildFile; fileRef = 98537EB62A63107F0037C392 /* Atomic.metal */; };
		98570CF82A116BDC0078E023 /* NanoEngineerParser.swift in Sources */ = {isa = PBXBuildFile; fileRef = 98570CF72A116BDC0078E023 /* NanoEngineerParser.swift */; };
		986289E82ADF6784009CF919 /* PlatformCompatibility.swift in Sources */ = {isa = PBXBuildFile; fileRef = 986289E72ADF6784009CF919 /* PlatformCompatibility.swift */; };
		986BBDDD2A5A5D20006F847B /* Ray.metal in Sources */ = {isa = PBXBuildFile; fileRef = 986BBDDC2A5A5D20006F847B /* Ray.metal */; };
		986ED88A29A6CF3600E0653B /* Renderer.swift in Sources */ = {isa = PBXBuildFile; fileRef = 986ED88929A6CF3600E0653B /* Renderer.swift */; };
		988EF0BE2A80105F004879E5 /* OctaneReference.swift in Sources */ = {isa = PBXBuildFile; fileRef = 988EF0BD2A80105F004879E5 /* OctaneReference.swift */; };
		988EF0C02A818E0B004879E5 /* GIFSerializer.swift in Sources */ = {isa = PBXBuildFile; fileRef = 988EF0BF2A818E0B004879E5 /* GIFSerializer.swift */; };
		9898382629A6C08F00B4AA98 /* MolecularRendererApp.swift in Sources */ = {isa = PBXBuildFile; fileRef = 9898382529A6C08F00B4AA98 /* MolecularRendererApp.swift */; };
		9898382829A6C08F00B4AA98 /* MetalView.swift in Sources */ = {isa = PBXBuildFile; fileRef = 9898382729A6C08F00B4AA98 /* MetalView.swift */; };
		989CBA0C2B1D2AE200213CBE /* Scratch.swift in Sources */ = {isa = PBXBuildFile; fileRef = 989CBA0B2B1D2AE200213CBE /* Scratch.swift */; };
		989CBA112B1D5D0F00213CBE /* xTB_RawText.swift in Sources */ = {isa = PBXBuildFile; fileRef = 989CBA102B1D5D0F00213CBE /* xTB_RawText.swift */; };
		989F8A202B393B8700622946 /* HousingVibration.swift in Sources */ = {isa = PBXBuildFile; fileRef = 9821824B2B06AC87001C356F /* HousingVibration.swift */; };
		98A07C252A2CBFCF00729897 /* PDBParser.swift in Sources */ = {isa = PBXBuildFile; fileRef = 98A07C242A2CBFCF00729897 /* PDBParser.swift */; };
		98A07C272A2CC11B00729897 /* ParsingUtilities.swift in Sources */ = {isa = PBXBuildFile; fileRef = 98A07C262A2CC11B00729897 /* ParsingUtilities.swift */; };
		98A263A92A543EEC00B69392 /* UniformGrid.metal in Sources */ = {isa = PBXBuildFile; fileRef = 98A263A82A543EEC00B69392 /* UniformGrid.metal */; };
		98A4A5792A81A65E00A74F87 /* libfreetype.6.dylib in Embed Libraries */ = {isa = PBXBuildFile; fileRef = 98A4A5772A81A65E00A74F87 /* libfreetype.6.dylib */; settings = {ATTRIBUTES = (CodeSignOnCopy, ); }; };
		98A8B72C2ABE6D5B003E62E8 /* libfreetype.6.dylib in Frameworks */ = {isa = PBXBuildFile; fileRef = 98A4A5772A81A65E00A74F87 /* libfreetype.6.dylib */; };
		98A8B72D2ABE6D5B003E62E8 /* libc++.1.dylib in Frameworks */ = {isa = PBXBuildFile; fileRef = 98B3E4F62A3F700400B02349 /* libc++.1.dylib */; };
		98A8B72E2ABE6D5B003E62E8 /* libOpenMM.8.0.dylib in Frameworks */ = {isa = PBXBuildFile; fileRef = 98C48C582A48F7510047C078 /* libOpenMM.8.0.dylib */; };
		98B25A1A2B33666B00081A61 /* Renderer+Setup.swift in Sources */ = {isa = PBXBuildFile; fileRef = 98B25A192B33666B00081A61 /* Renderer+Setup.swift */; };
		98B3E4F82A3F700400B02349 /* libc++.1.dylib in Embed Libraries */ = {isa = PBXBuildFile; fileRef = 98B3E4F62A3F700400B02349 /* libc++.1.dylib */; settings = {ATTRIBUTES = (CodeSignOnCopy, ); }; };
		98B6BDFB2AEE85B000F8655C /* Renderer+Offline.swift in Sources */ = {isa = PBXBuildFile; fileRef = 98B6BDFA2AEE85B000F8655C /* Renderer+Offline.swift */; };
		98B6BDFD2AEE85B700F8655C /* Renderer+Update.swift in Sources */ = {isa = PBXBuildFile; fileRef = 98B6BDFC2AEE85B700F8655C /* Renderer+Update.swift */; };
		98B6BE0B2AEF082000F8655C /* Nanosystems_Chapter12.swift in Sources */ = {isa = PBXBuildFile; fileRef = 98B6BE0A2AEF082000F8655C /* Nanosystems_Chapter12.swift */; };
		98B6BE0D2AEF0E0300F8655C /* Nanosystems_Chapter12_Figure1.swift in Sources */ = {isa = PBXBuildFile; fileRef = 98B6BE0C2AEF0E0300F8655C /* Nanosystems_Chapter12_Figure1.swift */; };
		98C48C5A2A48F7510047C078 /* libOpenMM.8.0.dylib in Embed Libraries */ = {isa = PBXBuildFile; fileRef = 98C48C582A48F7510047C078 /* libOpenMM.8.0.dylib */; settings = {ATTRIBUTES = (CodeSignOnCopy, ); }; };
		98F012622B266FA70037318D /* Bootstrapping.swift in Sources */ = {isa = PBXBuildFile; fileRef = 98F012612B266FA70037318D /* Bootstrapping.swift */; };
		98F012642B2671080037318D /* Bootstrapping_Tripod.swift in Sources */ = {isa = PBXBuildFile; fileRef = 98F012632B2671080037318D /* Bootstrapping_Tripod.swift */; };
		98F012662B2671160037318D /* Bootstrapping_BuildPlate.swift in Sources */ = {isa = PBXBuildFile; fileRef = 98F012652B2671160037318D /* Bootstrapping_BuildPlate.swift */; };
		98F012682B2671210037318D /* Bootstrapping_Surface.swift in Sources */ = {isa = PBXBuildFile; fileRef = 98F012672B2671210037318D /* Bootstrapping_Surface.swift */; };
		98F0126A2B2671430037318D /* Bootstrapping_Animation.swift in Sources */ = {isa = PBXBuildFile; fileRef = 98F012692B2671430037318D /* Bootstrapping_Animation.swift */; };
		98F0126C2B26A1C40037318D /* Bootstrapping_Probe.swift in Sources */ = {isa = PBXBuildFile; fileRef = 98F0126B2B26A1C40037318D /* Bootstrapping_Probe.swift */; };
		98F638AB2A34A31000F51E95 /* MRAtom.metal in Sources */ = {isa = PBXBuildFile; fileRef = 98122D7029DFBDE6006200D1 /* MRAtom.metal */; };
		98F638AC2A34A31300F51E95 /* Constants.metal in Sources */ = {isa = PBXBuildFile; fileRef = 988B257D2A1AC482007F18C1 /* Constants.metal */; };
		98F638AD2A34A31600F51E95 /* Lighting.metal in Sources */ = {isa = PBXBuildFile; fileRef = 988B25812A1AD3D3007F18C1 /* Lighting.metal */; };
		98F638AE2A34A33100F51E95 /* RayGeneration.metal in Sources */ = {isa = PBXBuildFile; fileRef = 981E8F4829F4CA5B00F7BA21 /* RayGeneration.metal */; };
		98F638AF2A34A33400F51E95 /* RayTracing.metal in Sources */ = {isa = PBXBuildFile; fileRef = 987C5CE329EA051400CE5EB7 /* RayTracing.metal */; };
		98F638B02A34A33800F51E95 /* RenderAtoms.metal in Sources */ = {isa = PBXBuildFile; fileRef = 986ED88729A6CB0400E0653B /* RenderAtoms.metal */; };
		98F638B12A34A33B00F51E95 /* Sampling.metal in Sources */ = {isa = PBXBuildFile; fileRef = 981E8F4629F4C99A00F7BA21 /* Sampling.metal */; };
		98F638B42A34A3A800F51E95 /* MolecularRendererGPU.metallib in Resources */ = {isa = PBXBuildFile; fileRef = 98F638A42A34A24E00F51E95 /* MolecularRendererGPU.metallib */; };
		98F638CD2A34F97300F51E95 /* Downloader.swift in Sources */ = {isa = PBXBuildFile; fileRef = 98F638CC2A34F97300F51E95 /* Downloader.swift */; };
		98FB90702A5B19E100685E5C /* Key.swift in Sources */ = {isa = PBXBuildFile; fileRef = 98FB906F2A5B19E100685E5C /* Key.swift */; };
		98FB907A2A5B6FC600685E5C /* VsyncHandler.swift in Sources */ = {isa = PBXBuildFile; fileRef = 98FB90792A5B6FC600685E5C /* VsyncHandler.swift */; };
		98FB907C2A5B7B3C00685E5C /* RingBuffer.swift in Sources */ = {isa = PBXBuildFile; fileRef = 98FB907B2A5B7B3C00685E5C /* RingBuffer.swift */; };
/* End PBXBuildFile section */

/* Begin PBXContainerItemProxy section */
		98F638B22A34A38300F51E95 /* PBXContainerItemProxy */ = {
			isa = PBXContainerItemProxy;
			containerPortal = 9898381A29A6C08F00B4AA98 /* Project object */;
			proxyType = 1;
			remoteGlobalIDString = 98F638A32A34A24E00F51E95;
			remoteInfo = MolecularRendererGPU;
		};
/* End PBXContainerItemProxy section */

/* Begin PBXCopyFilesBuildPhase section */
		98B3E4F02A3F6F5C00B02349 /* Embed Libraries */ = {
			isa = PBXCopyFilesBuildPhase;
			buildActionMask = 2147483647;
			dstPath = "";
			dstSubfolderSpec = 10;
			files = (
				98A4A5792A81A65E00A74F87 /* libfreetype.6.dylib in Embed Libraries */,
				98C48C5A2A48F7510047C078 /* libOpenMM.8.0.dylib in Embed Libraries */,
				98B3E4F82A3F700400B02349 /* libc++.1.dylib in Embed Libraries */,
			);
			name = "Embed Libraries";
			runOnlyForDeploymentPostprocessing = 0;
		};
/* End PBXCopyFilesBuildPhase section */

/* Begin PBXFileReference section */
		980140E52A3E1F78009408BE /* MRRenderer.swift */ = {isa = PBXFileReference; lastKnownFileType = sourcecode.swift; path = MRRenderer.swift; sourceTree = "<group>"; };
		980140E62A3E1F9C009408BE /* MRAccelBuilder.swift */ = {isa = PBXFileReference; lastKnownFileType = sourcecode.swift; path = MRAccelBuilder.swift; sourceTree = "<group>"; };
		9802CB2F2A71AA76004AFD03 /* Serialization.metal */ = {isa = PBXFileReference; lastKnownFileType = sourcecode.metal; path = Serialization.metal; sourceTree = "<group>"; };
		9802CB312A71AA85004AFD03 /* MRSimulation.swift */ = {isa = PBXFileReference; lastKnownFileType = sourcecode.swift; path = MRSimulation.swift; sourceTree = "<group>"; };
		98122D7029DFBDE6006200D1 /* MRAtom.metal */ = {isa = PBXFileReference; lastKnownFileType = sourcecode.metal; path = MRAtom.metal; sourceTree = "<group>"; };
		9816EFA42AC4B96E0042073F /* Ring.swift */ = {isa = PBXFileReference; lastKnownFileType = sourcecode.swift; path = Ring.swift; sourceTree = "<group>"; };
		9816EFA52AC4B9790042073F /* README.md */ = {isa = PBXFileReference; lastKnownFileType = net.daringfireball.markdown; path = README.md; sourceTree = "<group>"; };
		9816EFAD2AC501630042073F /* Ring_Image2.jpg */ = {isa = PBXFileReference; lastKnownFileType = image.jpeg; path = Ring_Image2.jpg; sourceTree = "<group>"; };
		9816EFAE2AC501630042073F /* Ring_Image1.jpg */ = {isa = PBXFileReference; lastKnownFileType = image.jpeg; path = Ring_Image1.jpg; sourceTree = "<group>"; };
		981E8F4629F4C99A00F7BA21 /* Sampling.metal */ = {isa = PBXFileReference; lastKnownFileType = sourcecode.metal; path = Sampling.metal; sourceTree = "<group>"; };
		981E8F4829F4CA5B00F7BA21 /* RayGeneration.metal */ = {isa = PBXFileReference; lastKnownFileType = sourcecode.metal; path = RayGeneration.metal; sourceTree = "<group>"; };
		981FCFEF29ECAE36009904A2 /* CrosshairView.swift */ = {isa = PBXFileReference; lastKnownFileType = sourcecode.swift; path = CrosshairView.swift; sourceTree = "<group>"; };
		981FCFF129ECAF24009904A2 /* Coordinator.swift */ = {isa = PBXFileReference; lastKnownFileType = sourcecode.swift; path = Coordinator.swift; sourceTree = "<group>"; };
		981FCFF329EF52E9009904A2 /* PlayerState.swift */ = {isa = PBXFileReference; lastKnownFileType = sourcecode.swift; path = PlayerState.swift; sourceTree = "<group>"; };
		9821824B2B06AC87001C356F /* HousingVibration.swift */ = {isa = PBXFileReference; lastKnownFileType = sourcecode.swift; path = HousingVibration.swift; sourceTree = "<group>"; };
		98247CBA2AF0656100958BC5 /* Nanosystems_Chapter12_Figure1_file2.swift */ = {isa = PBXFileReference; lastKnownFileType = sourcecode.swift; path = Nanosystems_Chapter12_Figure1_file2.swift; sourceTree = "<group>"; };
		98325C4F2A6B4FD100A4D7BB /* Nanosystems.swift */ = {isa = PBXFileReference; lastKnownFileType = sourcecode.swift; path = Nanosystems.swift; sourceTree = "<group>"; };
		98325C512A6B4FDE00A4D7BB /* Nanosystems_Chapter9.swift */ = {isa = PBXFileReference; lastKnownFileType = sourcecode.swift; path = Nanosystems_Chapter9.swift; sourceTree = "<group>"; };
		98325C532A6B501700A4D7BB /* Nanosystems_Chapter9_Figure2.swift */ = {isa = PBXFileReference; lastKnownFileType = sourcecode.swift; path = Nanosystems_Chapter9_Figure2.swift; sourceTree = "<group>"; };
		98325C552A6B512900A4D7BB /* MRAtomInterface.swift */ = {isa = PBXFileReference; lastKnownFileType = sourcecode.swift; path = MRAtomInterface.swift; sourceTree = "<group>"; };
		98325C572A6C1A3800A4D7BB /* Diamondoid.swift */ = {isa = PBXFileReference; lastKnownFileType = sourcecode.swift; path = Diamondoid.swift; sourceTree = "<group>"; };
		98325C592A6C617500A4D7BB /* NanosystemsFigure.swift */ = {isa = PBXFileReference; lastKnownFileType = sourcecode.swift; path = NanosystemsFigure.swift; sourceTree = "<group>"; };
		98325C5D2A6CA28F00A4D7BB /* Nanosystems_Chapter9_Figure5.swift */ = {isa = PBXFileReference; lastKnownFileType = sourcecode.swift; path = Nanosystems_Chapter9_Figure5.swift; sourceTree = "<group>"; };
		98325C5F2A6CA2A300A4D7BB /* Nanosystems_Chapter9_Figure6.swift */ = {isa = PBXFileReference; lastKnownFileType = sourcecode.swift; path = Nanosystems_Chapter9_Figure6.swift; sourceTree = "<group>"; };
		98325C612A6D76E500A4D7BB /* Serializer.swift */ = {isa = PBXFileReference; lastKnownFileType = sourcecode.swift; path = Serializer.swift; sourceTree = "<group>"; };
		98325C712A6DC84400A4D7BB /* Nanosystems_Chapter9_Figure3.swift */ = {isa = PBXFileReference; lastKnownFileType = sourcecode.swift; path = Nanosystems_Chapter9_Figure3.swift; sourceTree = "<group>"; };
		984F72182A6E130A00C15D4A /* Nanosystems_Chapter9_Figure8.swift */ = {isa = PBXFileReference; lastKnownFileType = sourcecode.swift; path = Nanosystems_Chapter9_Figure8.swift; sourceTree = "<group>"; };
		98518AE22A74A6BD00CAD919 /* Nanosystems_Chapter4.swift */ = {isa = PBXFileReference; lastKnownFileType = sourcecode.swift; path = Nanosystems_Chapter4.swift; sourceTree = "<group>"; };
		98518AE42A74A6EC00CAD919 /* Nanosystems_Chapter4_Figure3.swift */ = {isa = PBXFileReference; lastKnownFileType = sourcecode.swift; path = Nanosystems_Chapter4_Figure3.swift; sourceTree = "<group>"; };
		98518AE62A74A8C200CAD919 /* Nanosystems_Chapter4_Figure4.swift */ = {isa = PBXFileReference; lastKnownFileType = sourcecode.swift; path = Nanosystems_Chapter4_Figure4.swift; sourceTree = "<group>"; };
		98518AF62A75845600CAD919 /* MM4.swift */ = {isa = PBXFileReference; lastKnownFileType = sourcecode.swift; path = MM4.swift; sourceTree = "<group>"; };
		98518AFC2A774F8E00CAD919 /* DiamondoidCollision.swift */ = {isa = PBXFileReference; lastKnownFileType = sourcecode.swift; path = DiamondoidCollision.swift; sourceTree = "<group>"; };
		9852E87A29EB6D1600D0E779 /* EventTracker.swift */ = {isa = PBXFileReference; lastKnownFileType = sourcecode.swift; path = EventTracker.swift; sourceTree = "<group>"; };
		9852E88229EB8CFA00D0E779 /* README.md */ = {isa = PBXFileReference; fileEncoding = 4; lastKnownFileType = net.daringfireball.markdown; path = README.md; sourceTree = "<group>"; };
		98537EAE2A62EA3D0037C392 /* DenseGrid.metal */ = {isa = PBXFileReference; lastKnownFileType = sourcecode.metal; path = DenseGrid.metal; sourceTree = "<group>"; };
		98537EB22A62EA940037C392 /* Memory.metal */ = {isa = PBXFileReference; lastKnownFileType = sourcecode.metal; path = Memory.metal; sourceTree = "<group>"; };
		98537EB42A62FD230037C392 /* FaultCounter.metal */ = {isa = PBXFileReference; lastKnownFileType = sourcecode.metal; path = FaultCounter.metal; sourceTree = "<group>"; };
		98537EB62A63107F0037C392 /* Atomic.metal */ = {isa = PBXFileReference; lastKnownFileType = sourcecode.metal; path = Atomic.metal; sourceTree = "<group>"; };
		98570CF72A116BDC0078E023 /* NanoEngineerParser.swift */ = {isa = PBXFileReference; lastKnownFileType = sourcecode.swift; path = NanoEngineerParser.swift; sourceTree = "<group>"; };
		98610EB02A9D7DA7006FAF95 /* VdwOscillator.swift */ = {isa = PBXFileReference; lastKnownFileType = sourcecode.swift; path = VdwOscillator.swift; sourceTree = "<group>"; };
		986289E72ADF6784009CF919 /* PlatformCompatibility.swift */ = {isa = PBXFileReference; lastKnownFileType = sourcecode.swift; path = PlatformCompatibility.swift; sourceTree = "<group>"; };
		986348F72A73310F0053E714 /* Amplifier.swift */ = {isa = PBXFileReference; lastKnownFileType = sourcecode.swift; path = Amplifier.swift; sourceTree = "<group>"; };
		986BBDDC2A5A5D20006F847B /* Ray.metal */ = {isa = PBXFileReference; lastKnownFileType = sourcecode.metal; path = Ray.metal; sourceTree = "<group>"; };
		986ED88729A6CB0400E0653B /* RenderAtoms.metal */ = {isa = PBXFileReference; lastKnownFileType = sourcecode.metal; path = RenderAtoms.metal; sourceTree = "<group>"; };
		986ED88929A6CF3600E0653B /* Renderer.swift */ = {isa = PBXFileReference; lastKnownFileType = sourcecode.swift; path = Renderer.swift; sourceTree = "<group>"; };
		987234F02ABE860300E427E5 /* README.md */ = {isa = PBXFileReference; lastKnownFileType = net.daringfireball.markdown; path = README.md; sourceTree = "<group>"; };
		9879280E2A505A4300268AE2 /* HelloEthaneInSwift.swift */ = {isa = PBXFileReference; lastKnownFileType = sourcecode.swift; path = HelloEthaneInSwift.swift; sourceTree = "<group>"; };
		987C5CE329EA051400CE5EB7 /* RayTracing.metal */ = {isa = PBXFileReference; lastKnownFileType = sourcecode.metal; path = RayTracing.metal; sourceTree = "<group>"; };
		988B257D2A1AC482007F18C1 /* Constants.metal */ = {isa = PBXFileReference; lastKnownFileType = sourcecode.metal; path = Constants.metal; sourceTree = "<group>"; };
		988B25812A1AD3D3007F18C1 /* Lighting.metal */ = {isa = PBXFileReference; lastKnownFileType = sourcecode.metal; path = Lighting.metal; sourceTree = "<group>"; };
		988EF0BB2A800130004879E5 /* VdwOscillatorSimulation.swift */ = {isa = PBXFileReference; lastKnownFileType = sourcecode.swift; path = VdwOscillatorSimulation.swift; sourceTree = "<group>"; };
		988EF0BD2A80105F004879E5 /* OctaneReference.swift */ = {isa = PBXFileReference; lastKnownFileType = sourcecode.swift; path = OctaneReference.swift; sourceTree = "<group>"; };
		988EF0BF2A818E0B004879E5 /* GIFSerializer.swift */ = {isa = PBXFileReference; lastKnownFileType = sourcecode.swift; path = GIFSerializer.swift; sourceTree = "<group>"; };
		98906AD82AA92FF300FE5832 /* RhombicDodecahedraSimulation.swift */ = {isa = PBXFileReference; lastKnownFileType = sourcecode.swift; path = RhombicDodecahedraSimulation.swift; sourceTree = "<group>"; };
		98906ADB2AAA68C000FE5832 /* MRSimulation.md */ = {isa = PBXFileReference; lastKnownFileType = net.daringfireball.markdown; path = MRSimulation.md; sourceTree = "<group>"; };
		9898382229A6C08F00B4AA98 /* MolecularRendererApp.app */ = {isa = PBXFileReference; explicitFileType = wrapper.application; includeInIndex = 0; path = MolecularRendererApp.app; sourceTree = BUILT_PRODUCTS_DIR; };
		9898382529A6C08F00B4AA98 /* MolecularRendererApp.swift */ = {isa = PBXFileReference; lastKnownFileType = sourcecode.swift; path = MolecularRendererApp.swift; sourceTree = "<group>"; };
		9898382729A6C08F00B4AA98 /* MetalView.swift */ = {isa = PBXFileReference; lastKnownFileType = sourcecode.swift; path = MetalView.swift; sourceTree = "<group>"; };
		9898382E29A6C09000B4AA98 /* MolecularRenderer.entitlements */ = {isa = PBXFileReference; lastKnownFileType = text.plist.entitlements; path = MolecularRenderer.entitlements; sourceTree = "<group>"; };
		989CBA092B1C0F4200213CBE /* Adamantanes.swift */ = {isa = PBXFileReference; lastKnownFileType = sourcecode.swift; path = Adamantanes.swift; sourceTree = "<group>"; };
		989CBA0B2B1D2AE200213CBE /* Scratch.swift */ = {isa = PBXFileReference; lastKnownFileType = sourcecode.swift; path = Scratch.swift; sourceTree = "<group>"; };
		989CBA102B1D5D0F00213CBE /* xTB_RawText.swift */ = {isa = PBXFileReference; lastKnownFileType = sourcecode.swift; path = xTB_RawText.swift; sourceTree = "<group>"; };
		989F8A212B393BD400622946 /* RendererStyles.swift */ = {isa = PBXFileReference; lastKnownFileType = sourcecode.swift; path = RendererStyles.swift; sourceTree = "<group>"; };
		98A07C242A2CBFCF00729897 /* PDBParser.swift */ = {isa = PBXFileReference; lastKnownFileType = sourcecode.swift; path = PDBParser.swift; sourceTree = "<group>"; };
		98A07C262A2CC11B00729897 /* ParsingUtilities.swift */ = {isa = PBXFileReference; lastKnownFileType = sourcecode.swift; path = ParsingUtilities.swift; sourceTree = "<group>"; };
		98A263A82A543EEC00B69392 /* UniformGrid.metal */ = {isa = PBXFileReference; lastKnownFileType = sourcecode.metal; path = UniformGrid.metal; sourceTree = "<group>"; };
		98A4A5772A81A65E00A74F87 /* libfreetype.6.dylib */ = {isa = PBXFileReference; lastKnownFileType = "compiled.mach-o.dylib"; name = libfreetype.6.dylib; path = ../bypass_dependencies/libfreetype.6.dylib; sourceTree = "<group>"; };
		98A8B7682ABE75C3003E62E8 /* libcairo.2.dylib */ = {isa = PBXFileReference; lastKnownFileType = "compiled.mach-o.dylib"; name = libcairo.2.dylib; path = ../bypass_dependencies/libcairo.2.dylib; sourceTree = "<group>"; };
		98A8B7692ABE75C3003E62E8 /* libfontconfig.1.dylib */ = {isa = PBXFileReference; lastKnownFileType = "compiled.mach-o.dylib"; name = libfontconfig.1.dylib; path = ../bypass_dependencies/libfontconfig.1.dylib; sourceTree = "<group>"; };
		98B25A132B33478400081A61 /* MRCamera.swift */ = {isa = PBXFileReference; lastKnownFileType = sourcecode.swift; path = MRCamera.swift; sourceTree = "<group>"; };
		98B25A142B334F6700081A61 /* MRRenderer+Descriptor.swift */ = {isa = PBXFileReference; lastKnownFileType = sourcecode.swift; path = "MRRenderer+Descriptor.swift"; sourceTree = "<group>"; };
		98B25A162B33562E00081A61 /* Utilities.swift */ = {isa = PBXFileReference; lastKnownFileType = sourcecode.swift; path = Utilities.swift; sourceTree = "<group>"; };
		98B25A172B335F6F00081A61 /* MRRenderer+Update.swift */ = {isa = PBXFileReference; lastKnownFileType = sourcecode.swift; path = "MRRenderer+Update.swift"; sourceTree = "<group>"; };
		98B25A182B335F7600081A61 /* MRRenderer+Render.swift */ = {isa = PBXFileReference; lastKnownFileType = sourcecode.swift; path = "MRRenderer+Render.swift"; sourceTree = "<group>"; };
		98B25A192B33666B00081A61 /* Renderer+Setup.swift */ = {isa = PBXFileReference; lastKnownFileType = sourcecode.swift; path = "Renderer+Setup.swift"; sourceTree = "<group>"; };
		98B25A1D2B391B6600081A61 /* ConvergentAssemblyArchitecture2.swift */ = {isa = PBXFileReference; lastKnownFileType = sourcecode.swift; path = ConvergentAssemblyArchitecture2.swift; sourceTree = "<group>"; };
		98B25A1E2B391B8300081A61 /* ConvergentAssemblyArchitecture3.swift */ = {isa = PBXFileReference; lastKnownFileType = sourcecode.swift; path = ConvergentAssemblyArchitecture3.swift; sourceTree = "<group>"; };
		98B25A1F2B391BA000081A61 /* ConvergentAssemblyArchitecture4.swift */ = {isa = PBXFileReference; lastKnownFileType = sourcecode.swift; path = ConvergentAssemblyArchitecture4.swift; sourceTree = "<group>"; };
		98B25A202B391BBC00081A61 /* ConvergentAssemblyArchitecture5.swift */ = {isa = PBXFileReference; lastKnownFileType = sourcecode.swift; path = ConvergentAssemblyArchitecture5.swift; sourceTree = "<group>"; };
		98B25A212B39305A00081A61 /* _Old_DiamondRope.swift */ = {isa = PBXFileReference; lastKnownFileType = sourcecode.swift; path = _Old_DiamondRope.swift; sourceTree = "<group>"; };
		98B25A222B39308400081A61 /* _Old_OctahedralSpring.swift */ = {isa = PBXFileReference; lastKnownFileType = sourcecode.swift; path = _Old_OctahedralSpring.swift; sourceTree = "<group>"; };
		98B25A232B39309D00081A61 /* _Old_Flywheel1.swift */ = {isa = PBXFileReference; lastKnownFileType = sourcecode.swift; path = _Old_Flywheel1.swift; sourceTree = "<group>"; };
		98B25A242B3930A500081A61 /* _Old_Flywheel2.swift */ = {isa = PBXFileReference; lastKnownFileType = sourcecode.swift; path = _Old_Flywheel2.swift; sourceTree = "<group>"; };
		98B25A282B39374100081A61 /* Carbides.swift */ = {isa = PBXFileReference; lastKnownFileType = sourcecode.swift; path = Carbides.swift; sourceTree = "<group>"; };
		98B25A2B2B3937DA00081A61 /* Examples.swift */ = {isa = PBXFileReference; lastKnownFileType = sourcecode.swift; path = Examples.swift; sourceTree = "<group>"; };
		98B27F612AABC6E30081F2B4 /* MRSimulationDecoder.swift */ = {isa = PBXFileReference; lastKnownFileType = sourcecode.swift; path = MRSimulationDecoder.swift; sourceTree = "<group>"; };
		98B27F622AABC7020081F2B4 /* MRSimulationDecoder.py */ = {isa = PBXFileReference; lastKnownFileType = text.script.python; path = MRSimulationDecoder.py; sourceTree = "<group>"; };
		98B27F632AABC7130081F2B4 /* MRSimulationDecoder.rs */ = {isa = PBXFileReference; lastKnownFileType = text; path = MRSimulationDecoder.rs; sourceTree = "<group>"; };
		98B3E4EB2A3F6F2200B02349 /* libOpenMM.8.0.dylib */ = {isa = PBXFileReference; lastKnownFileType = "compiled.mach-o.dylib"; name = libOpenMM.8.0.dylib; path = ../../../miniforge3/lib/libOpenMM.8.0.dylib; sourceTree = "<group>"; };
		98B3E4F12A3F6F9D00B02349 /* libc++.1.0.dylib */ = {isa = PBXFileReference; lastKnownFileType = "compiled.mach-o.dylib"; name = "libc++.1.0.dylib"; path = "../../../miniforge3/lib/libc++.1.0.dylib"; sourceTree = "<group>"; };
		98B3E4F62A3F700400B02349 /* libc++.1.dylib */ = {isa = PBXFileReference; lastKnownFileType = "compiled.mach-o.dylib"; name = "libc++.1.dylib"; path = "../bypass_dependencies/libc++.1.dylib"; sourceTree = "<group>"; };
		98B3E4FC2A3F854300B02349 /* HelloArgonInSwift.swift */ = {isa = PBXFileReference; lastKnownFileType = sourcecode.swift; path = HelloArgonInSwift.swift; sourceTree = "<group>"; };
		98B6BDF92AEC9A8200F8655C /* MRAccelBuilder+Build.swift */ = {isa = PBXFileReference; lastKnownFileType = sourcecode.swift; path = "MRAccelBuilder+Build.swift"; sourceTree = "<group>"; };
		98B6BDFA2AEE85B000F8655C /* Renderer+Offline.swift */ = {isa = PBXFileReference; lastKnownFileType = sourcecode.swift; path = "Renderer+Offline.swift"; sourceTree = "<group>"; };
		98B6BDFC2AEE85B700F8655C /* Renderer+Update.swift */ = {isa = PBXFileReference; lastKnownFileType = sourcecode.swift; path = "Renderer+Update.swift"; sourceTree = "<group>"; };
		98B6BE0A2AEF082000F8655C /* Nanosystems_Chapter12.swift */ = {isa = PBXFileReference; lastKnownFileType = sourcecode.swift; path = Nanosystems_Chapter12.swift; sourceTree = "<group>"; };
		98B6BE0C2AEF0E0300F8655C /* Nanosystems_Chapter12_Figure1.swift */ = {isa = PBXFileReference; lastKnownFileType = sourcecode.swift; path = Nanosystems_Chapter12_Figure1.swift; sourceTree = "<group>"; };
		98C48C462A48E0440047C078 /* HelloSodiumChlorideInSwift.swift */ = {isa = PBXFileReference; lastKnownFileType = sourcecode.swift; path = HelloSodiumChlorideInSwift.swift; sourceTree = "<group>"; };
		98C48C582A48F7510047C078 /* libOpenMM.8.0.dylib */ = {isa = PBXFileReference; lastKnownFileType = "compiled.mach-o.dylib"; name = libOpenMM.8.0.dylib; path = ../bypass_dependencies/libOpenMM.8.0.dylib; sourceTree = "<group>"; };
		98D0F18C2AB5118400BE267D /* Spring_Projectile.swift */ = {isa = PBXFileReference; lastKnownFileType = sourcecode.swift; path = Spring_Projectile.swift; sourceTree = "<group>"; };
		98D0F18E2AB5118D00BE267D /* Spring_Spring.swift */ = {isa = PBXFileReference; lastKnownFileType = sourcecode.swift; path = Spring_Spring.swift; sourceTree = "<group>"; };
		98D0F1902AB511AA00BE267D /* Spring_Springboard.swift */ = {isa = PBXFileReference; lastKnownFileType = sourcecode.swift; path = Spring_Springboard.swift; sourceTree = "<group>"; };
		98D2A3312AA2DF4D000DBAA0 /* References.md */ = {isa = PBXFileReference; lastKnownFileType = net.daringfireball.markdown; path = References.md; sourceTree = "<group>"; };
		98D975902AC088260052EE6C /* README.md */ = {isa = PBXFileReference; lastKnownFileType = net.daringfireball.markdown; path = README.md; sourceTree = "<group>"; };
		98D975A02AC08BF10052EE6C /* VdwOscillator_Image1.jpg */ = {isa = PBXFileReference; lastKnownFileType = image.jpeg; path = VdwOscillator_Image1.jpg; sourceTree = "<group>"; };
		98D975A12AC08BF10052EE6C /* VdwOscillator_Image2.jpg */ = {isa = PBXFileReference; lastKnownFileType = image.jpeg; path = VdwOscillator_Image2.jpg; sourceTree = "<group>"; };
		98D975BE2AC222A30052EE6C /* README.md */ = {isa = PBXFileReference; lastKnownFileType = net.daringfireball.markdown; path = README.md; sourceTree = "<group>"; };
		98D975BF2AC224C10052EE6C /* README.md */ = {isa = PBXFileReference; lastKnownFileType = net.daringfireball.markdown; path = README.md; sourceTree = "<group>"; };
		98D975C02AC225850052EE6C /* DiamondRope.swift */ = {isa = PBXFileReference; lastKnownFileType = sourcecode.swift; path = DiamondRope.swift; sourceTree = "<group>"; };
		98D975C12AC225930052EE6C /* OctahedralSpring.swift */ = {isa = PBXFileReference; lastKnownFileType = sourcecode.swift; path = OctahedralSpring.swift; sourceTree = "<group>"; };
		98E2C6152AC24D68002612CC /* README.md */ = {isa = PBXFileReference; lastKnownFileType = net.daringfireball.markdown; path = README.md; sourceTree = "<group>"; };
		98E2C6162AC24D8C002612CC /* RhombicDodecahedron.swift */ = {isa = PBXFileReference; lastKnownFileType = sourcecode.swift; path = RhombicDodecahedron.swift; sourceTree = "<group>"; };
		98E2C61C2AC27AF5002612CC /* DiamondRope_Image1.jpg */ = {isa = PBXFileReference; lastKnownFileType = image.jpeg; path = DiamondRope_Image1.jpg; sourceTree = "<group>"; };
		98E2C6212AC27CD7002612CC /* RhombicDodecahedron_Image1.jpg */ = {isa = PBXFileReference; lastKnownFileType = image.jpeg; path = RhombicDodecahedron_Image1.jpg; sourceTree = "<group>"; };
		98E2C6222AC27CD7002612CC /* RhombicDodecahedron_Image2.jpg */ = {isa = PBXFileReference; lastKnownFileType = image.jpeg; path = RhombicDodecahedron_Image2.jpg; sourceTree = "<group>"; };
		98F012612B266FA70037318D /* Bootstrapping.swift */ = {isa = PBXFileReference; lastKnownFileType = sourcecode.swift; path = Bootstrapping.swift; sourceTree = "<group>"; };
		98F012632B2671080037318D /* Bootstrapping_Tripod.swift */ = {isa = PBXFileReference; lastKnownFileType = sourcecode.swift; path = Bootstrapping_Tripod.swift; sourceTree = "<group>"; };
		98F012652B2671160037318D /* Bootstrapping_BuildPlate.swift */ = {isa = PBXFileReference; lastKnownFileType = sourcecode.swift; path = Bootstrapping_BuildPlate.swift; sourceTree = "<group>"; };
		98F012672B2671210037318D /* Bootstrapping_Surface.swift */ = {isa = PBXFileReference; lastKnownFileType = sourcecode.swift; path = Bootstrapping_Surface.swift; sourceTree = "<group>"; };
		98F012692B2671430037318D /* Bootstrapping_Animation.swift */ = {isa = PBXFileReference; lastKnownFileType = sourcecode.swift; path = Bootstrapping_Animation.swift; sourceTree = "<group>"; };
		98F0126B2B26A1C40037318D /* Bootstrapping_Probe.swift */ = {isa = PBXFileReference; lastKnownFileType = sourcecode.swift; path = Bootstrapping_Probe.swift; sourceTree = "<group>"; };
		98F2F5CE2A5F2DDC006216F4 /* PlanetaryGearBox.swift */ = {isa = PBXFileReference; lastKnownFileType = sourcecode.swift; path = PlanetaryGearBox.swift; sourceTree = "<group>"; };
		98F2F5D12A5F2E7B006216F4 /* MassiveDiamond.swift */ = {isa = PBXFileReference; lastKnownFileType = sourcecode.swift; path = MassiveDiamond.swift; sourceTree = "<group>"; };
		98F638972A349EDA00F51E95 /* Package.swift */ = {isa = PBXFileReference; lastKnownFileType = sourcecode.swift; path = Package.swift; sourceTree = "<group>"; };
		98F638A42A34A24E00F51E95 /* MolecularRendererGPU.metallib */ = {isa = PBXFileReference; explicitFileType = "archive.metal-library"; includeInIndex = 0; path = MolecularRendererGPU.metallib; sourceTree = BUILT_PRODUCTS_DIR; };
		98F638C42A34F78A00F51E95 /* MRAtom.swift */ = {isa = PBXFileReference; lastKnownFileType = sourcecode.swift; path = MRAtom.swift; sourceTree = "<group>"; };
		98F638CC2A34F97300F51E95 /* Downloader.swift */ = {isa = PBXFileReference; lastKnownFileType = sourcecode.swift; path = Downloader.swift; sourceTree = "<group>"; };
		98F83E1C2AE496C40037E31A /* DFT.md */ = {isa = PBXFileReference; lastKnownFileType = net.daringfireball.markdown; path = DFT.md; sourceTree = "<group>"; };
		98F83E1E2AE4BF630037E31A /* Cargo.toml */ = {isa = PBXFileReference; lastKnownFileType = text; path = Cargo.toml; sourceTree = "<group>"; };
		98F83E202AE4BF630037E31A /* mrsim_txt.rs */ = {isa = PBXFileReference; lastKnownFileType = text; path = mrsim_txt.rs; sourceTree = "<group>"; };
		98F83E222AE4BF630037E31A /* StrainedShellBearing-15ps.mrsim-txt */ = {isa = PBXFileReference; lastKnownFileType = text; path = "StrainedShellBearing-15ps.mrsim-txt"; sourceTree = "<group>"; };
		98F83E232AE4BF630037E31A /* README.md */ = {isa = PBXFileReference; lastKnownFileType = net.daringfireball.markdown; path = README.md; sourceTree = "<group>"; };
		98F83E252AE4BF630037E31A /* mrsim_txt.rs */ = {isa = PBXFileReference; lastKnownFileType = text; path = mrsim_txt.rs; sourceTree = "<group>"; };
		98F83E272AE4BF630037E31A /* mrsim_txt_benchmark.rs */ = {isa = PBXFileReference; lastKnownFileType = text; path = mrsim_txt_benchmark.rs; sourceTree = "<group>"; };
		98F83E282AE4BF630037E31A /* README.md */ = {isa = PBXFileReference; lastKnownFileType = net.daringfireball.markdown; path = README.md; sourceTree = "<group>"; };
		98F83E292AE4BF630037E31A /* lib.rs */ = {isa = PBXFileReference; lastKnownFileType = text; path = lib.rs; sourceTree = "<group>"; };
		98F83E2C2AE4BF630037E31A /* mod.rs */ = {isa = PBXFileReference; lastKnownFileType = text; path = mod.rs; sourceTree = "<group>"; };
		98F83E2E2AE4BF630037E31A /* mod.rs */ = {isa = PBXFileReference; lastKnownFileType = text; path = mod.rs; sourceTree = "<group>"; };
		98F852CA2AF5B34700986E61 /* RippleCounter1.swift */ = {isa = PBXFileReference; lastKnownFileType = sourcecode.swift; path = RippleCounter1.swift; sourceTree = "<group>"; };
		98F852CE2AF5D24C00986E61 /* RippleCounter1+File2.swift */ = {isa = PBXFileReference; lastKnownFileType = sourcecode.swift; path = "RippleCounter1+File2.swift"; sourceTree = "<group>"; };
		98F852D02AF66B7C00986E61 /* NORGate.swift */ = {isa = PBXFileReference; lastKnownFileType = sourcecode.swift; path = NORGate.swift; sourceTree = "<group>"; };
		98F852D32AF7269700986E61 /* NORGate_Image1.png */ = {isa = PBXFileReference; lastKnownFileType = image.png; path = NORGate_Image1.png; sourceTree = "<group>"; };
		98FB906F2A5B19E100685E5C /* Key.swift */ = {isa = PBXFileReference; lastKnownFileType = sourcecode.swift; path = Key.swift; sourceTree = "<group>"; };
		98FB90712A5B280D00685E5C /* MRTime.swift */ = {isa = PBXFileReference; lastKnownFileType = sourcecode.swift; path = MRTime.swift; sourceTree = "<group>"; };
		98FB90792A5B6FC600685E5C /* VsyncHandler.swift */ = {isa = PBXFileReference; lastKnownFileType = sourcecode.swift; path = VsyncHandler.swift; sourceTree = "<group>"; };
		98FB907B2A5B7B3C00685E5C /* RingBuffer.swift */ = {isa = PBXFileReference; lastKnownFileType = sourcecode.swift; path = RingBuffer.swift; sourceTree = "<group>"; };
		98FE60D42B3C6B1E00D73E37 /* README.md */ = {isa = PBXFileReference; lastKnownFileType = net.daringfireball.markdown; path = README.md; sourceTree = "<group>"; };
		98FE60D52B3C743F00D73E37 /* Draft1_File1.swift */ = {isa = PBXFileReference; lastKnownFileType = sourcecode.swift; path = Draft1_File1.swift; sourceTree = "<group>"; };
		98FE60D62B3C744800D73E37 /* Draft1_File2.swift */ = {isa = PBXFileReference; lastKnownFileType = sourcecode.swift; path = Draft1_File2.swift; sourceTree = "<group>"; };
		98FE60D72B3C745000D73E37 /* Draft1_File3.swift */ = {isa = PBXFileReference; lastKnownFileType = sourcecode.swift; path = Draft1_File3.swift; sourceTree = "<group>"; };
		98FE60DF2B3D189200D73E37 /* Draft2_File1.swift */ = {isa = PBXFileReference; lastKnownFileType = sourcecode.swift; path = Draft2_File1.swift; sourceTree = "<group>"; };
		98FE60E02B3D189F00D73E37 /* Draft2_File2.swift */ = {isa = PBXFileReference; lastKnownFileType = sourcecode.swift; path = Draft2_File2.swift; sourceTree = "<group>"; };
		98FE60E12B3D18A700D73E37 /* Draft2_File3.swift */ = {isa = PBXFileReference; lastKnownFileType = sourcecode.swift; path = Draft2_File3.swift; sourceTree = "<group>"; };
		98FE60E32B3D18B700D73E37 /* Draft2_File4.swift */ = {isa = PBXFileReference; lastKnownFileType = sourcecode.swift; path = Draft2_File4.swift; sourceTree = "<group>"; };
/* End PBXFileReference section */

/* Begin PBXFrameworksBuildPhase section */
		9898381F29A6C08F00B4AA98 /* Frameworks */ = {
			isa = PBXFrameworksBuildPhase;
			buildActionMask = 2147483647;
			files = (
				9814BFD52B22C57100BA5B24 /* MM4 in Frameworks */,
				9814BFD82B22C58A00BA5B24 /* HDL in Frameworks */,
				981822412AE56D5E009CFAA8 /* Atomics in Frameworks */,
				98A8B72C2ABE6D5B003E62E8 /* libfreetype.6.dylib in Frameworks */,
				98A8B72D2ABE6D5B003E62E8 /* libc++.1.dylib in Frameworks */,
				98A8B72E2ABE6D5B003E62E8 /* libOpenMM.8.0.dylib in Frameworks */,
				9814BFD22B22C45000BA5B24 /* MolecularRenderer in Frameworks */,
				981822472AE56D7C009CFAA8 /* GIF in Frameworks */,
				981822552AE574C0009CFAA8 /* OpenMM in Frameworks */,
				9818223E2AE56D57009CFAA8 /* KeyCodes in Frameworks */,
			);
			runOnlyForDeploymentPostprocessing = 0;
		};
/* End PBXFrameworksBuildPhase section */

/* Begin PBXGroup section */
		980E70162A5E51B60051797F /* Bootstrapping */ = {
			isa = PBXGroup;
			children = (
				98F012612B266FA70037318D /* Bootstrapping.swift */,
				98F012692B2671430037318D /* Bootstrapping_Animation.swift */,
				98F012652B2671160037318D /* Bootstrapping_BuildPlate.swift */,
				98F0126B2B26A1C40037318D /* Bootstrapping_Probe.swift */,
				98F012672B2671210037318D /* Bootstrapping_Surface.swift */,
				98F012632B2671080037318D /* Bootstrapping_Tripod.swift */,
			);
			path = Bootstrapping;
			sourceTree = "<group>";
		};
		9816EFA32AC4B9620042073F /* Ring */ = {
			isa = PBXGroup;
			children = (
				98B25A232B39309D00081A61 /* _Old_Flywheel1.swift */,
				98B25A242B3930A500081A61 /* _Old_Flywheel2.swift */,
				9816EFA42AC4B96E0042073F /* Ring.swift */,
				9816EFAE2AC501630042073F /* Ring_Image1.jpg */,
				9816EFAD2AC501630042073F /* Ring_Image2.jpg */,
				9816EFA52AC4B9790042073F /* README.md */,
			);
			path = Ring;
			sourceTree = "<group>";
		};
		981FCFED29ECADF5009904A2 /* Lighting */ = {
			isa = PBXGroup;
			children = (
				988B25812A1AD3D3007F18C1 /* Lighting.metal */,
				986ED88729A6CB0400E0653B /* RenderAtoms.metal */,
			);
			path = Lighting;
			sourceTree = "<group>";
		};
		981FCFEE29ECAE0E009904A2 /* App */ = {
			isa = PBXGroup;
			children = (
				981FCFF129ECAF24009904A2 /* Coordinator.swift */,
				981FCFEF29ECAE36009904A2 /* CrosshairView.swift */,
				9852E87A29EB6D1600D0E779 /* EventTracker.swift */,
				98FB906F2A5B19E100685E5C /* Key.swift */,
				9898382729A6C08F00B4AA98 /* MetalView.swift */,
				9898382529A6C08F00B4AA98 /* MolecularRendererApp.swift */,
				981FCFF329EF52E9009904A2 /* PlayerState.swift */,
				98FB907B2A5B7B3C00685E5C /* RingBuffer.swift */,
				98FB90792A5B6FC600685E5C /* VsyncHandler.swift */,
			);
			path = App;
			sourceTree = "<group>";
		};
		98298F5829F353D30008E248 /* Rendering */ = {
			isa = PBXGroup;
			children = (
				986ED88929A6CF3600E0653B /* Renderer.swift */,
				98B6BDFA2AEE85B000F8655C /* Renderer+Offline.swift */,
				98B25A192B33666B00081A61 /* Renderer+Setup.swift */,
				98B6BDFC2AEE85B700F8655C /* Renderer+Update.swift */,
			);
			path = Rendering;
			sourceTree = "<group>";
		};
		98325C4D2A6B4F9200A4D7BB /* Nanosystems */ = {
			isa = PBXGroup;
			children = (
				98325C592A6C617500A4D7BB /* NanosystemsFigure.swift */,
				98325C4F2A6B4FD100A4D7BB /* Nanosystems.swift */,
				98518AE12A74A6B200CAD919 /* Chapter 4 */,
				98325C4E2A6B4FBF00A4D7BB /* Chapter 9 */,
				98B6BE092AEF080A00F8655C /* Chapter 12 */,
			);
			path = Nanosystems;
			sourceTree = "<group>";
		};
		98325C4E2A6B4FBF00A4D7BB /* Chapter 9 */ = {
			isa = PBXGroup;
			children = (
				98325C512A6B4FDE00A4D7BB /* Nanosystems_Chapter9.swift */,
				98325C532A6B501700A4D7BB /* Nanosystems_Chapter9_Figure2.swift */,
				98325C712A6DC84400A4D7BB /* Nanosystems_Chapter9_Figure3.swift */,
				98325C5D2A6CA28F00A4D7BB /* Nanosystems_Chapter9_Figure5.swift */,
				98325C5F2A6CA2A300A4D7BB /* Nanosystems_Chapter9_Figure6.swift */,
				984F72182A6E130A00C15D4A /* Nanosystems_Chapter9_Figure8.swift */,
			);
			path = "Chapter 9";
			sourceTree = "<group>";
		};
		98325C6C2A6D869A00A4D7BB /* IO */ = {
			isa = PBXGroup;
			children = (
				9802CB2F2A71AA76004AFD03 /* Serialization.metal */,
			);
			path = IO;
			sourceTree = "<group>";
		};
		98518AE12A74A6B200CAD919 /* Chapter 4 */ = {
			isa = PBXGroup;
			children = (
				98518AE22A74A6BD00CAD919 /* Nanosystems_Chapter4.swift */,
				98518AE42A74A6EC00CAD919 /* Nanosystems_Chapter4_Figure3.swift */,
				98518AE62A74A8C200CAD919 /* Nanosystems_Chapter4_Figure4.swift */,
			);
			path = "Chapter 4";
			sourceTree = "<group>";
		};
		98610EAF2A9D7D9C006FAF95 /* HardwareCatalog */ = {
			isa = PBXGroup;
			children = (
				98B25A2F2B393A7B00081A61 /* Experiments */,
				98B25A302B393AA800081A61 /* Materials */,
				98B25A322B393AEE00081A61 /* Parts */,
				98FE60D22B3C6AFC00D73E37 /* Reconstruction */,
				98B25A332B393B0A00081A61 /* Systems */,
				987234F02ABE860300E427E5 /* README.md */,
			);
			path = HardwareCatalog;
			sourceTree = "<group>";
		};
		98610F062AA0CD56006FAF95 /* Documentation */ = {
			isa = PBXGroup;
			children = (
				98F83E1C2AE496C40037E31A /* DFT.md */,
				98906ADB2AAA68C000FE5832 /* MRSimulation.md */,
				98D2A3312AA2DF4D000DBAA0 /* References.md */,
			);
			path = Documentation;
			sourceTree = "<group>";
		};
		9898381929A6C08F00B4AA98 = {
			isa = PBXGroup;
			children = (
				9852E88229EB8CFA00D0E779 /* README.md */,
				98F638972A349EDA00F51E95 /* Package.swift */,
				98610F062AA0CD56006FAF95 /* Documentation */,
				9898382429A6C08F00B4AA98 /* Sources */,
				9898382329A6C08F00B4AA98 /* Products */,
				98DA27CC2A3F6EDB00AFE8B7 /* Frameworks */,
			);
			sourceTree = "<group>";
		};
		9898382329A6C08F00B4AA98 /* Products */ = {
			isa = PBXGroup;
			children = (
				9898382229A6C08F00B4AA98 /* MolecularRendererApp.app */,
				98F638A42A34A24E00F51E95 /* MolecularRendererGPU.metallib */,
			);
			name = Products;
			sourceTree = "<group>";
		};
		9898382429A6C08F00B4AA98 /* Sources */ = {
			isa = PBXGroup;
			children = (
				98610EAF2A9D7D9C006FAF95 /* HardwareCatalog */,
				98F638992A349F7300F51E95 /* MolecularRenderer */,
				98F638962A349D6A00F51E95 /* MolecularRendererApp */,
				98F638A52A34A24E00F51E95 /* MolecularRendererGPU */,
				98F83E1D2AE4BF630037E31A /* SimulationImport */,
			);
			path = Sources;
			sourceTree = "<group>";
		};
		989F8A222B393D4900622946 /* Scratch */ = {
			isa = PBXGroup;
			children = (
				989CBA0B2B1D2AE200213CBE /* Scratch.swift */,
			);
			path = Scratch;
			sourceTree = "<group>";
		};
		989F8A232B393E4800622946 /* Simulators */ = {
			isa = PBXGroup;
			children = (
				98325C572A6C1A3800A4D7BB /* Diamondoid.swift */,
				98518AF62A75845600CAD919 /* MM4.swift */,
				986289E72ADF6784009CF919 /* PlatformCompatibility.swift */,
				989CBA102B1D5D0F00213CBE /* xTB_RawText.swift */,
			);
			path = Simulators;
			sourceTree = "<group>";
		};
		98A700A82AB4A0CF00499CD2 /* SpringSystem */ = {
			isa = PBXGroup;
			children = (
				98D0F18C2AB5118400BE267D /* Spring_Projectile.swift */,
				98D0F18E2AB5118D00BE267D /* Spring_Spring.swift */,
				98D0F1902AB511AA00BE267D /* Spring_Springboard.swift */,
			);
			path = SpringSystem;
			sourceTree = "<group>";
		};
		98B25A1B2B391AB800081A61 /* ConvergentAssemblyArchitectre */ = {
			isa = PBXGroup;
			children = (
				98B25A1D2B391B6600081A61 /* ConvergentAssemblyArchitecture2.swift */,
				98B25A1E2B391B8300081A61 /* ConvergentAssemblyArchitecture3.swift */,
				98B25A1F2B391BA000081A61 /* ConvergentAssemblyArchitecture4.swift */,
				98B25A202B391BBC00081A61 /* ConvergentAssemblyArchitecture5.swift */,
			);
			path = ConvergentAssemblyArchitectre;
			sourceTree = "<group>";
		};
		98B25A252B3931F200081A61 /* OpenMMTutorials */ = {
			isa = PBXGroup;
			children = (
				986348F72A73310F0053E714 /* Amplifier.swift */,
				98B3E4FC2A3F854300B02349 /* HelloArgonInSwift.swift */,
				98C48C462A48E0440047C078 /* HelloSodiumChlorideInSwift.swift */,
				9879280E2A505A4300268AE2 /* HelloEthaneInSwift.swift */,
			);
			path = OpenMMTutorials;
			sourceTree = "<group>";
		};
		98B25A262B39322D00081A61 /* Adamantanes */ = {
			isa = PBXGroup;
			children = (
				989CBA092B1C0F4200213CBE /* Adamantanes.swift */,
			);
			path = Adamantanes;
			sourceTree = "<group>";
		};
		98B25A272B39372E00081A61 /* Carbides */ = {
			isa = PBXGroup;
			children = (
				98B25A282B39374100081A61 /* Carbides.swift */,
			);
			path = Carbides;
			sourceTree = "<group>";
		};
		98B25A292B39378600081A61 /* Serializers */ = {
			isa = PBXGroup;
			children = (
				988EF0BF2A818E0B004879E5 /* GIFSerializer.swift */,
				98325C612A6D76E500A4D7BB /* Serializer.swift */,
			);
			path = Serializers;
			sourceTree = "<group>";
		};
		98B25A2A2B39379500081A61 /* Atom Providers */ = {
			isa = PBXGroup;
			children = (
				98F638CC2A34F97300F51E95 /* Downloader.swift */,
				98325C552A6B512900A4D7BB /* MRAtomInterface.swift */,
				98570CF72A116BDC0078E023 /* NanoEngineerParser.swift */,
				98A07C262A2CC11B00729897 /* ParsingUtilities.swift */,
				98A07C242A2CBFCF00729897 /* PDBParser.swift */,
			);
			path = "Atom Providers";
			sourceTree = "<group>";
		};
		98B25A2D2B39393300081A61 /* Rendering */ = {
			isa = PBXGroup;
			children = (
				98B25A2B2B3937DA00081A61 /* Examples.swift */,
				98F2F5D12A5F2E7B006216F4 /* MassiveDiamond.swift */,
				98F2F5CE2A5F2DDC006216F4 /* PlanetaryGearBox.swift */,
				989F8A212B393BD400622946 /* RendererStyles.swift */,
			);
			path = Rendering;
			sourceTree = "<group>";
		};
		98B25A2E2B393A6300081A61 /* Simulation */ = {
			isa = PBXGroup;
			children = (
				98518AFC2A774F8E00CAD919 /* DiamondoidCollision.swift */,
				9821824B2B06AC87001C356F /* HousingVibration.swift */,
				988EF0BD2A80105F004879E5 /* OctaneReference.swift */,
			);
			path = Simulation;
			sourceTree = "<group>";
		};
		98B25A2F2B393A7B00081A61 /* Experiments */ = {
			isa = PBXGroup;
			children = (
				98B25A252B3931F200081A61 /* OpenMMTutorials */,
				98B25A2D2B39393300081A61 /* Rendering */,
				98B25A2E2B393A6300081A61 /* Simulation */,
			);
			path = Experiments;
			sourceTree = "<group>";
		};
		98B25A302B393AA800081A61 /* Materials */ = {
			isa = PBXGroup;
			children = (
				98B25A262B39322D00081A61 /* Adamantanes */,
				98B25A272B39372E00081A61 /* Carbides */,
				98D975BC2AC2228E0052EE6C /* DiamondRope */,
			);
			path = Materials;
			sourceTree = "<group>";
		};
		98B25A322B393AEE00081A61 /* Parts */ = {
			isa = PBXGroup;
			children = (
				98E2C6142AC24D57002612CC /* RhombicDodecahedron */,
				9816EFA32AC4B9620042073F /* Ring */,
				98D975BD2AC222950052EE6C /* OctahedralSpring */,
				98D9758F2AC088000052EE6C /* VdwOscillator */,
			);
			path = Parts;
			sourceTree = "<group>";
		};
		98B25A332B393B0A00081A61 /* Systems */ = {
			isa = PBXGroup;
			children = (
				98B25A1B2B391AB800081A61 /* ConvergentAssemblyArchitectre */,
				98F852C92AF5B2CC00986E61 /* NORGate */,
				98A700A82AB4A0CF00499CD2 /* SpringSystem */,
			);
			path = Systems;
			sourceTree = "<group>";
		};
		98B27F642AACD42E0081F2B4 /* scripts */ = {
			isa = PBXGroup;
			children = (
				98B27F612AABC6E30081F2B4 /* MRSimulationDecoder.swift */,
				98B27F622AABC7020081F2B4 /* MRSimulationDecoder.py */,
				98B27F632AABC7130081F2B4 /* MRSimulationDecoder.rs */,
			);
			path = scripts;
			sourceTree = "<group>";
		};
		98B6BE092AEF080A00F8655C /* Chapter 12 */ = {
			isa = PBXGroup;
			children = (
				98B6BE0A2AEF082000F8655C /* Nanosystems_Chapter12.swift */,
				98B6BE0C2AEF0E0300F8655C /* Nanosystems_Chapter12_Figure1.swift */,
				98247CBA2AF0656100958BC5 /* Nanosystems_Chapter12_Figure1_file2.swift */,
			);
			path = "Chapter 12";
			sourceTree = "<group>";
		};
		98D9758F2AC088000052EE6C /* VdwOscillator */ = {
			isa = PBXGroup;
			children = (
				98D975A02AC08BF10052EE6C /* VdwOscillator_Image1.jpg */,
				98D975A12AC08BF10052EE6C /* VdwOscillator_Image2.jpg */,
				98610EB02A9D7DA7006FAF95 /* VdwOscillator.swift */,
				988EF0BB2A800130004879E5 /* VdwOscillatorSimulation.swift */,
				98D975902AC088260052EE6C /* README.md */,
			);
			path = VdwOscillator;
			sourceTree = "<group>";
		};
		98D975BC2AC2228E0052EE6C /* DiamondRope */ = {
			isa = PBXGroup;
			children = (
				98B25A212B39305A00081A61 /* _Old_DiamondRope.swift */,
				98D975C02AC225850052EE6C /* DiamondRope.swift */,
				98E2C61C2AC27AF5002612CC /* DiamondRope_Image1.jpg */,
				98D975BE2AC222A30052EE6C /* README.md */,
			);
			path = DiamondRope;
			sourceTree = "<group>";
		};
		98D975BD2AC222950052EE6C /* OctahedralSpring */ = {
			isa = PBXGroup;
			children = (
				98B25A222B39308400081A61 /* _Old_OctahedralSpring.swift */,
				98D975C12AC225930052EE6C /* OctahedralSpring.swift */,
				98D975BF2AC224C10052EE6C /* README.md */,
			);
			path = OctahedralSpring;
			sourceTree = "<group>";
		};
		98DA27CC2A3F6EDB00AFE8B7 /* Frameworks */ = {
			isa = PBXGroup;
			children = (
				98A8B7682ABE75C3003E62E8 /* libcairo.2.dylib */,
				98A8B7692ABE75C3003E62E8 /* libfontconfig.1.dylib */,
				98A4A5772A81A65E00A74F87 /* libfreetype.6.dylib */,
				98C48C582A48F7510047C078 /* libOpenMM.8.0.dylib */,
				98B3E4F62A3F700400B02349 /* libc++.1.dylib */,
				98B3E4F12A3F6F9D00B02349 /* libc++.1.0.dylib */,
				98B3E4EB2A3F6F2200B02349 /* libOpenMM.8.0.dylib */,
			);
			name = Frameworks;
			sourceTree = "<group>";
		};
		98E2C6142AC24D57002612CC /* RhombicDodecahedron */ = {
			isa = PBXGroup;
			children = (
				98906AD82AA92FF300FE5832 /* RhombicDodecahedraSimulation.swift */,
				98E2C6162AC24D8C002612CC /* RhombicDodecahedron.swift */,
				98E2C6212AC27CD7002612CC /* RhombicDodecahedron_Image1.jpg */,
				98E2C6222AC27CD7002612CC /* RhombicDodecahedron_Image2.jpg */,
				98E2C6152AC24D68002612CC /* README.md */,
			);
			path = RhombicDodecahedron;
			sourceTree = "<group>";
		};
		98F250032A130A65009AABDE /* Backend */ = {
			isa = PBXGroup;
			children = (
				98B25A2A2B39379500081A61 /* Atom Providers */,
				98B25A292B39378600081A61 /* Serializers */,
				989F8A232B393E4800622946 /* Simulators */,
			);
			path = Backend;
			sourceTree = "<group>";
		};
		98F2F5CD2A5F2DD0006216F4 /* Projects */ = {
			isa = PBXGroup;
			children = (
				980E70162A5E51B60051797F /* Bootstrapping */,
				98325C4D2A6B4F9200A4D7BB /* Nanosystems */,
			);
			path = Projects;
			sourceTree = "<group>";
		};
		98F638962A349D6A00F51E95 /* MolecularRendererApp */ = {
			isa = PBXGroup;
			children = (
				981FCFEE29ECAE0E009904A2 /* App */,
				98F250032A130A65009AABDE /* Backend */,
				98F2F5CD2A5F2DD0006216F4 /* Projects */,
				98298F5829F353D30008E248 /* Rendering */,
				989F8A222B393D4900622946 /* Scratch */,
				9898382E29A6C09000B4AA98 /* MolecularRenderer.entitlements */,
			);
			path = MolecularRendererApp;
			sourceTree = "<group>";
		};
		98F638992A349F7300F51E95 /* MolecularRenderer */ = {
			isa = PBXGroup;
			children = (
				980140E62A3E1F9C009408BE /* MRAccelBuilder.swift */,
				98B6BDF92AEC9A8200F8655C /* MRAccelBuilder+Build.swift */,
				98F638C42A34F78A00F51E95 /* MRAtom.swift */,
				98B25A132B33478400081A61 /* MRCamera.swift */,
				980140E52A3E1F78009408BE /* MRRenderer.swift */,
				98B25A142B334F6700081A61 /* MRRenderer+Descriptor.swift */,
				98B25A182B335F7600081A61 /* MRRenderer+Render.swift */,
				98B25A172B335F6F00081A61 /* MRRenderer+Update.swift */,
				9802CB312A71AA85004AFD03 /* MRSimulation.swift */,
				98FB90712A5B280D00685E5C /* MRTime.swift */,
				98B25A162B33562E00081A61 /* Utilities.swift */,
			);
			path = MolecularRenderer;
			sourceTree = "<group>";
		};
		98F638A52A34A24E00F51E95 /* MolecularRendererGPU */ = {
			isa = PBXGroup;
			children = (
				98325C6C2A6D869A00A4D7BB /* IO */,
				981FCFED29ECADF5009904A2 /* Lighting */,
				98FB907D2A5CF8FD00685E5C /* Ray Tracing */,
				98FB907E2A5CF91A00685E5C /* Uniform Grids */,
				98FB907F2A5CF94F00685E5C /* Utilities */,
			);
			path = MolecularRendererGPU;
			sourceTree = "<group>";
		};
		98F83E1D2AE4BF630037E31A /* SimulationImport */ = {
			isa = PBXGroup;
			children = (
				98F83E1E2AE4BF630037E31A /* Cargo.toml */,
				98B27F642AACD42E0081F2B4 /* scripts */,
				98F83E242AE4BF630037E31A /* src */,
				98F83E1F2AE4BF630037E31A /* tests */,
				98F83E232AE4BF630037E31A /* README.md */,
			);
			path = SimulationImport;
			sourceTree = "<group>";
		};
		98F83E1F2AE4BF630037E31A /* tests */ = {
			isa = PBXGroup;
			children = (
				98F83E202AE4BF630037E31A /* mrsim_txt.rs */,
				98F83E212AE4BF630037E31A /* assets */,
			);
			path = tests;
			sourceTree = "<group>";
		};
		98F83E212AE4BF630037E31A /* assets */ = {
			isa = PBXGroup;
			children = (
				98F83E222AE4BF630037E31A /* StrainedShellBearing-15ps.mrsim-txt */,
			);
			path = assets;
			sourceTree = "<group>";
		};
		98F83E242AE4BF630037E31A /* src */ = {
			isa = PBXGroup;
			children = (
				98F83E252AE4BF630037E31A /* mrsim_txt.rs */,
				98F83E262AE4BF630037E31A /* bin */,
				98F83E292AE4BF630037E31A /* lib.rs */,
				98F83E2A2AE4BF630037E31A /* mrsim_txt */,
			);
			path = src;
			sourceTree = "<group>";
		};
		98F83E262AE4BF630037E31A /* bin */ = {
			isa = PBXGroup;
			children = (
				98F83E272AE4BF630037E31A /* mrsim_txt_benchmark.rs */,
				98F83E282AE4BF630037E31A /* README.md */,
			);
			path = bin;
			sourceTree = "<group>";
		};
		98F83E2A2AE4BF630037E31A /* mrsim_txt */ = {
			isa = PBXGroup;
			children = (
				98F83E2B2AE4BF630037E31A /* utils */,
				98F83E2D2AE4BF630037E31A /* definitions */,
			);
			path = mrsim_txt;
			sourceTree = "<group>";
		};
		98F83E2B2AE4BF630037E31A /* utils */ = {
			isa = PBXGroup;
			children = (
				98F83E2C2AE4BF630037E31A /* mod.rs */,
			);
			path = utils;
			sourceTree = "<group>";
		};
		98F83E2D2AE4BF630037E31A /* definitions */ = {
			isa = PBXGroup;
			children = (
				98F83E2E2AE4BF630037E31A /* mod.rs */,
			);
			path = definitions;
			sourceTree = "<group>";
		};
		98F852C92AF5B2CC00986E61 /* NORGate */ = {
			isa = PBXGroup;
			children = (
				98F852CA2AF5B34700986E61 /* RippleCounter1.swift */,
				98F852CE2AF5D24C00986E61 /* RippleCounter1+File2.swift */,
				98F852D02AF66B7C00986E61 /* NORGate.swift */,
				98F852D32AF7269700986E61 /* NORGate_Image1.png */,
			);
			path = NORGate;
			sourceTree = "<group>";
		};
		98FB907D2A5CF8FD00685E5C /* Ray Tracing */ = {
			isa = PBXGroup;
			children = (
				986BBDDC2A5A5D20006F847B /* Ray.metal */,
				981E8F4829F4CA5B00F7BA21 /* RayGeneration.metal */,
				987C5CE329EA051400CE5EB7 /* RayTracing.metal */,
				981E8F4629F4C99A00F7BA21 /* Sampling.metal */,
			);
			path = "Ray Tracing";
			sourceTree = "<group>";
		};
		98FB907E2A5CF91A00685E5C /* Uniform Grids */ = {
			isa = PBXGroup;
			children = (
				98537EAE2A62EA3D0037C392 /* DenseGrid.metal */,
				98A263A82A543EEC00B69392 /* UniformGrid.metal */,
			);
			path = "Uniform Grids";
			sourceTree = "<group>";
		};
		98FB907F2A5CF94F00685E5C /* Utilities */ = {
			isa = PBXGroup;
			children = (
				98537EB62A63107F0037C392 /* Atomic.metal */,
				988B257D2A1AC482007F18C1 /* Constants.metal */,
				98537EB42A62FD230037C392 /* FaultCounter.metal */,
				98537EB22A62EA940037C392 /* Memory.metal */,
				98122D7029DFBDE6006200D1 /* MRAtom.metal */,
			);
			path = Utilities;
			sourceTree = "<group>";
		};
		98FE60D22B3C6AFC00D73E37 /* Reconstruction */ = {
			isa = PBXGroup;
			children = (
				98FE60D32B3C6B0900D73E37 /* Draft1 */,
				98FE60DE2B3D187D00D73E37 /* Draft2 */,
				98FE60D42B3C6B1E00D73E37 /* README.md */,
			);
			path = Reconstruction;
			sourceTree = "<group>";
		};
		98FE60D32B3C6B0900D73E37 /* Draft1 */ = {
			isa = PBXGroup;
			children = (
				98FE60D52B3C743F00D73E37 /* Draft1_File1.swift */,
				98FE60D62B3C744800D73E37 /* Draft1_File2.swift */,
				98FE60D72B3C745000D73E37 /* Draft1_File3.swift */,
			);
			path = Draft1;
			sourceTree = "<group>";
		};
		98FE60DE2B3D187D00D73E37 /* Draft2 */ = {
			isa = PBXGroup;
			children = (
				98FE60DF2B3D189200D73E37 /* Draft2_File1.swift */,
				98FE60E02B3D189F00D73E37 /* Draft2_File2.swift */,
				98FE60E12B3D18A700D73E37 /* Draft2_File3.swift */,
				98FE60E32B3D18B700D73E37 /* Draft2_File4.swift */,
			);
			path = Draft2;
			sourceTree = "<group>";
		};
/* End PBXGroup section */

/* Begin PBXNativeTarget section */
		9898382129A6C08F00B4AA98 /* MolecularRendererApp */ = {
			isa = PBXNativeTarget;
			buildConfigurationList = 9898383129A6C09000B4AA98 /* Build configuration list for PBXNativeTarget "MolecularRendererApp" */;
			buildPhases = (
				9898381E29A6C08F00B4AA98 /* Sources */,
				9898381F29A6C08F00B4AA98 /* Frameworks */,
				9898382029A6C08F00B4AA98 /* Resources */,
				98B3E4F02A3F6F5C00B02349 /* Embed Libraries */,
			);
			buildRules = (
			);
			dependencies = (
				98F638B32A34A38300F51E95 /* PBXTargetDependency */,
			);
			name = MolecularRendererApp;
			packageProductDependencies = (
				9818223D2AE56D57009CFAA8 /* KeyCodes */,
				981822402AE56D5E009CFAA8 /* Atomics */,
				981822462AE56D7C009CFAA8 /* GIF */,
				981822542AE574C0009CFAA8 /* OpenMM */,
				9814BFD12B22C45000BA5B24 /* MolecularRenderer */,
				9814BFD42B22C57100BA5B24 /* MM4 */,
				9814BFD72B22C58A00BA5B24 /* HDL */,
			);
			productName = MolecularRenderer;
			productReference = 9898382229A6C08F00B4AA98 /* MolecularRendererApp.app */;
			productType = "com.apple.product-type.application";
		};
		98F638A32A34A24E00F51E95 /* MolecularRendererGPU */ = {
			isa = PBXNativeTarget;
			buildConfigurationList = 98F638A82A34A24E00F51E95 /* Build configuration list for PBXNativeTarget "MolecularRendererGPU" */;
			buildPhases = (
				98F638A22A34A24E00F51E95 /* Sources */,
			);
			buildRules = (
			);
			dependencies = (
			);
			name = MolecularRendererGPU;
			productName = MolecularRendererGPU;
			productReference = 98F638A42A34A24E00F51E95 /* MolecularRendererGPU.metallib */;
			productType = "com.apple.product-type.metal-library";
		};
/* End PBXNativeTarget section */

/* Begin PBXProject section */
		9898381A29A6C08F00B4AA98 /* Project object */ = {
			isa = PBXProject;
			attributes = {
				BuildIndependentTargetsInParallel = 1;
				LastSwiftUpdateCheck = 1420;
				LastUpgradeCheck = 1500;
				TargetAttributes = {
					9898382129A6C08F00B4AA98 = {
						CreatedOnToolsVersion = 14.2;
					};
					98F638A32A34A24E00F51E95 = {
						CreatedOnToolsVersion = 15.0;
					};
				};
			};
			buildConfigurationList = 9898381D29A6C08F00B4AA98 /* Build configuration list for PBXProject "MolecularRenderer" */;
			compatibilityVersion = "Xcode 14.0";
			developmentRegion = en;
			hasScannedForEncodings = 0;
			knownRegions = (
				en,
				Base,
			);
			mainGroup = 9898381929A6C08F00B4AA98;
			packageReferences = (
				9818223C2AE56D57009CFAA8 /* XCRemoteSwiftPackageReference "KeyCodes" */,
				9818223F2AE56D5E009CFAA8 /* XCRemoteSwiftPackageReference "swift-atomics" */,
				981822422AE56D6D009CFAA8 /* XCRemoteSwiftPackageReference "swift-openmm" */,
				981822452AE56D7C009CFAA8 /* XCRemoteSwiftPackageReference "swift-gif" */,
				9818224F2AE57443009CFAA8 /* XCLocalSwiftPackageReference "" */,
				98F852C02AF5B1A600986E61 /* XCLocalSwiftPackageReference "" */,
				9814BFD02B22C45000BA5B24 /* XCLocalSwiftPackageReference "" */,
				9814BFD32B22C57100BA5B24 /* XCRemoteSwiftPackageReference "MM4" */,
				9814BFD62B22C58A00BA5B24 /* XCRemoteSwiftPackageReference "HDL" */,
			);
			productRefGroup = 9898382329A6C08F00B4AA98 /* Products */;
			projectDirPath = "";
			projectRoot = "";
			targets = (
				9898382129A6C08F00B4AA98 /* MolecularRendererApp */,
				98F638A32A34A24E00F51E95 /* MolecularRendererGPU */,
			);
		};
/* End PBXProject section */

/* Begin PBXResourcesBuildPhase section */
		9898382029A6C08F00B4AA98 /* Resources */ = {
			isa = PBXResourcesBuildPhase;
			buildActionMask = 2147483647;
			files = (
				98F638B42A34A3A800F51E95 /* MolecularRendererGPU.metallib in Resources */,
				9852E88329EB8CFA00D0E779 /* README.md in Resources */,
			);
			runOnlyForDeploymentPostprocessing = 0;
		};
/* End PBXResourcesBuildPhase section */

/* Begin PBXSourcesBuildPhase section */
		9898381E29A6C08F00B4AA98 /* Sources */ = {
			isa = PBXSourcesBuildPhase;
			buildActionMask = 2147483647;
			files = (
				98F638CD2A34F97300F51E95 /* Downloader.swift in Sources */,
				98325C562A6B512900A4D7BB /* MRAtomInterface.swift in Sources */,
				98325C542A6B501700A4D7BB /* Nanosystems_Chapter9_Figure2.swift in Sources */,
				98B25A1A2B33666B00081A61 /* Renderer+Setup.swift in Sources */,
				98F0126A2B2671430037318D /* Bootstrapping_Animation.swift in Sources */,
				98518AFD2A774F8E00CAD919 /* DiamondoidCollision.swift in Sources */,
				989F8A202B393B8700622946 /* HousingVibration.swift in Sources */,
				98325C502A6B4FD100A4D7BB /* Nanosystems.swift in Sources */,
				981FCFF029ECAE36009904A2 /* CrosshairView.swift in Sources */,
				98F012642B2671080037318D /* Bootstrapping_Tripod.swift in Sources */,
				98518AE52A74A6EC00CAD919 /* Nanosystems_Chapter4_Figure3.swift in Sources */,
				98FB907C2A5B7B3C00685E5C /* RingBuffer.swift in Sources */,
				98B6BDFD2AEE85B700F8655C /* Renderer+Update.swift in Sources */,
				98570CF82A116BDC0078E023 /* NanoEngineerParser.swift in Sources */,
				98518AE72A74A8C200CAD919 /* Nanosystems_Chapter4_Figure4.swift in Sources */,
				98F012622B266FA70037318D /* Bootstrapping.swift in Sources */,
				98A07C252A2CBFCF00729897 /* PDBParser.swift in Sources */,
				988EF0C02A818E0B004879E5 /* GIFSerializer.swift in Sources */,
				986ED88A29A6CF3600E0653B /* Renderer.swift in Sources */,
				98F0126C2B26A1C40037318D /* Bootstrapping_Probe.swift in Sources */,
				98518AF72A75845600CAD919 /* MM4.swift in Sources */,
				98247CBB2AF0656100958BC5 /* Nanosystems_Chapter12_Figure1_file2.swift in Sources */,
				98518AE32A74A6BD00CAD919 /* Nanosystems_Chapter4.swift in Sources */,
				98F012682B2671210037318D /* Bootstrapping_Surface.swift in Sources */,
				98325C5E2A6CA28F00A4D7BB /* Nanosystems_Chapter9_Figure5.swift in Sources */,
				988EF0BE2A80105F004879E5 /* OctaneReference.swift in Sources */,
				98FB907A2A5B6FC600685E5C /* VsyncHandler.swift in Sources */,
				98325C522A6B4FDE00A4D7BB /* Nanosystems_Chapter9.swift in Sources */,
				98325C622A6D76E500A4D7BB /* Serializer.swift in Sources */,
				981FCFF429EF52E9009904A2 /* PlayerState.swift in Sources */,
				986289E82ADF6784009CF919 /* PlatformCompatibility.swift in Sources */,
				9898382829A6C08F00B4AA98 /* MetalView.swift in Sources */,
				98B6BDFB2AEE85B000F8655C /* Renderer+Offline.swift in Sources */,
				98A07C272A2CC11B00729897 /* ParsingUtilities.swift in Sources */,
				98B6BE0B2AEF082000F8655C /* Nanosystems_Chapter12.swift in Sources */,
				981FCFF229ECAF24009904A2 /* Coordinator.swift in Sources */,
				98325C602A6CA2A300A4D7BB /* Nanosystems_Chapter9_Figure6.swift in Sources */,
				98325C722A6DC84400A4D7BB /* Nanosystems_Chapter9_Figure3.swift in Sources */,
				98FB90702A5B19E100685E5C /* Key.swift in Sources */,
				98325C5A2A6C617500A4D7BB /* NanosystemsFigure.swift in Sources */,
				98325C582A6C1A3800A4D7BB /* Diamondoid.swift in Sources */,
				989CBA112B1D5D0F00213CBE /* xTB_RawText.swift in Sources */,
				989CBA0C2B1D2AE200213CBE /* Scratch.swift in Sources */,
				98F012662B2671160037318D /* Bootstrapping_BuildPlate.swift in Sources */,
				98B6BE0D2AEF0E0300F8655C /* Nanosystems_Chapter12_Figure1.swift in Sources */,
				9852E87B29EB6D1600D0E779 /* EventTracker.swift in Sources */,
				9898382629A6C08F00B4AA98 /* MolecularRendererApp.swift in Sources */,
				984F72192A6E130A00C15D4A /* Nanosystems_Chapter9_Figure8.swift in Sources */,
			);
			runOnlyForDeploymentPostprocessing = 0;
		};
		98F638A22A34A24E00F51E95 /* Sources */ = {
			isa = PBXSourcesBuildPhase;
			buildActionMask = 2147483647;
			files = (
				98F638AF2A34A33400F51E95 /* RayTracing.metal in Sources */,
				98A263A92A543EEC00B69392 /* UniformGrid.metal in Sources */,
				986BBDDD2A5A5D20006F847B /* Ray.metal in Sources */,
				98F638B12A34A33B00F51E95 /* Sampling.metal in Sources */,
				98537EAF2A62EA3D0037C392 /* DenseGrid.metal in Sources */,
				98537EB52A62FD230037C392 /* FaultCounter.metal in Sources */,
				98537EB32A62EA940037C392 /* Memory.metal in Sources */,
				98F638AE2A34A33100F51E95 /* RayGeneration.metal in Sources */,
				98F638AD2A34A31600F51E95 /* Lighting.metal in Sources */,
				98537EB72A63107F0037C392 /* Atomic.metal in Sources */,
				98F638AB2A34A31000F51E95 /* MRAtom.metal in Sources */,
				98F638B02A34A33800F51E95 /* RenderAtoms.metal in Sources */,
				9802CB302A71AA76004AFD03 /* Serialization.metal in Sources */,
				98F638AC2A34A31300F51E95 /* Constants.metal in Sources */,
			);
			runOnlyForDeploymentPostprocessing = 0;
		};
/* End PBXSourcesBuildPhase section */

/* Begin PBXTargetDependency section */
		98F638B32A34A38300F51E95 /* PBXTargetDependency */ = {
			isa = PBXTargetDependency;
			target = 98F638A32A34A24E00F51E95 /* MolecularRendererGPU */;
			targetProxy = 98F638B22A34A38300F51E95 /* PBXContainerItemProxy */;
		};
/* End PBXTargetDependency section */

/* Begin XCBuildConfiguration section */
		9898382F29A6C09000B4AA98 /* Debug */ = {
			isa = XCBuildConfiguration;
			buildSettings = {
				ALWAYS_SEARCH_USER_PATHS = NO;
				ARCHS = (
					arm64,
					arm64e,
				);
				CLANG_ALLOW_NON_MODULAR_INCLUDES_IN_FRAMEWORK_MODULES = YES;
				CLANG_ANALYZER_NONNULL = YES;
				CLANG_ANALYZER_NUMBER_OBJECT_CONVERSION = YES_AGGRESSIVE;
				CLANG_CXX_LANGUAGE_STANDARD = "gnu++20";
				CLANG_ENABLE_MODULES = YES;
				CLANG_ENABLE_OBJC_ARC = YES;
				CLANG_ENABLE_OBJC_WEAK = YES;
				CLANG_WARN_BLOCK_CAPTURE_AUTORELEASING = YES;
				CLANG_WARN_BOOL_CONVERSION = YES;
				CLANG_WARN_COMMA = YES;
				CLANG_WARN_CONSTANT_CONVERSION = YES;
				CLANG_WARN_DEPRECATED_OBJC_IMPLEMENTATIONS = YES;
				CLANG_WARN_DIRECT_OBJC_ISA_USAGE = YES_ERROR;
				CLANG_WARN_DOCUMENTATION_COMMENTS = YES;
				CLANG_WARN_EMPTY_BODY = YES;
				CLANG_WARN_ENUM_CONVERSION = YES;
				CLANG_WARN_INFINITE_RECURSION = YES;
				CLANG_WARN_INT_CONVERSION = YES;
				CLANG_WARN_NON_LITERAL_NULL_CONVERSION = YES;
				CLANG_WARN_OBJC_IMPLICIT_RETAIN_SELF = YES;
				CLANG_WARN_OBJC_LITERAL_CONVERSION = YES;
				CLANG_WARN_OBJC_ROOT_CLASS = YES_ERROR;
				CLANG_WARN_QUOTED_INCLUDE_IN_FRAMEWORK_HEADER = YES;
				CLANG_WARN_RANGE_LOOP_ANALYSIS = YES;
				CLANG_WARN_STRICT_PROTOTYPES = YES;
				CLANG_WARN_SUSPICIOUS_MOVE = YES;
				CLANG_WARN_UNGUARDED_AVAILABILITY = YES_AGGRESSIVE;
				CLANG_WARN_UNREACHABLE_CODE = YES;
				CLANG_WARN__DUPLICATE_METHOD_MATCH = YES;
				COPY_PHASE_STRIP = NO;
				DEAD_CODE_STRIPPING = YES;
				DEBUG_INFORMATION_FORMAT = dwarf;
				ENABLE_STRICT_OBJC_MSGSEND = YES;
				ENABLE_TESTABILITY = YES;
				ENABLE_USER_SCRIPT_SANDBOXING = YES;
				EXCLUDED_ARCHS = "";
				GCC_C_LANGUAGE_STANDARD = gnu11;
				GCC_DYNAMIC_NO_PIC = NO;
				GCC_NO_COMMON_BLOCKS = YES;
				GCC_OPTIMIZATION_LEVEL = 0;
				GCC_PREPROCESSOR_DEFINITIONS = (
					"DEBUG=1",
					"$(inherited)",
				);
				GCC_WARN_64_TO_32_BIT_CONVERSION = YES;
				GCC_WARN_ABOUT_RETURN_TYPE = YES_ERROR;
				GCC_WARN_UNDECLARED_SELECTOR = YES;
				GCC_WARN_UNINITIALIZED_AUTOS = YES_AGGRESSIVE;
				GCC_WARN_UNUSED_FUNCTION = YES;
				GCC_WARN_UNUSED_VARIABLE = YES;
				HEADER_SEARCH_PATHS = /opt/homebrew/Cellar/cairo/1.18.0/include/cairo;
				LIBRARY_SEARCH_PATHS = /opt/homebrew/lib;
				MACOSX_DEPLOYMENT_TARGET = 14.0;
				MTL_ENABLE_DEBUG_INFO = INCLUDE_SOURCE;
				MTL_FAST_MATH = YES;
				ONLY_ACTIVE_ARCH = YES;
				SDKROOT = macosx;
				SWIFT_ACTIVE_COMPILATION_CONDITIONS = DEBUG;
				SWIFT_OPTIMIZATION_LEVEL = "-Onone";
			};
			name = Debug;
		};
		9898383029A6C09000B4AA98 /* Release */ = {
			isa = XCBuildConfiguration;
			buildSettings = {
				ALWAYS_SEARCH_USER_PATHS = NO;
				ARCHS = (
					arm64,
					arm64e,
				);
				CLANG_ALLOW_NON_MODULAR_INCLUDES_IN_FRAMEWORK_MODULES = YES;
				CLANG_ANALYZER_NONNULL = YES;
				CLANG_ANALYZER_NUMBER_OBJECT_CONVERSION = YES_AGGRESSIVE;
				CLANG_CXX_LANGUAGE_STANDARD = "gnu++20";
				CLANG_ENABLE_MODULES = YES;
				CLANG_ENABLE_OBJC_ARC = YES;
				CLANG_ENABLE_OBJC_WEAK = YES;
				CLANG_WARN_BLOCK_CAPTURE_AUTORELEASING = YES;
				CLANG_WARN_BOOL_CONVERSION = YES;
				CLANG_WARN_COMMA = YES;
				CLANG_WARN_CONSTANT_CONVERSION = YES;
				CLANG_WARN_DEPRECATED_OBJC_IMPLEMENTATIONS = YES;
				CLANG_WARN_DIRECT_OBJC_ISA_USAGE = YES_ERROR;
				CLANG_WARN_DOCUMENTATION_COMMENTS = YES;
				CLANG_WARN_EMPTY_BODY = YES;
				CLANG_WARN_ENUM_CONVERSION = YES;
				CLANG_WARN_INFINITE_RECURSION = YES;
				CLANG_WARN_INT_CONVERSION = YES;
				CLANG_WARN_NON_LITERAL_NULL_CONVERSION = YES;
				CLANG_WARN_OBJC_IMPLICIT_RETAIN_SELF = YES;
				CLANG_WARN_OBJC_LITERAL_CONVERSION = YES;
				CLANG_WARN_OBJC_ROOT_CLASS = YES_ERROR;
				CLANG_WARN_QUOTED_INCLUDE_IN_FRAMEWORK_HEADER = YES;
				CLANG_WARN_RANGE_LOOP_ANALYSIS = YES;
				CLANG_WARN_STRICT_PROTOTYPES = YES;
				CLANG_WARN_SUSPICIOUS_MOVE = YES;
				CLANG_WARN_UNGUARDED_AVAILABILITY = YES_AGGRESSIVE;
				CLANG_WARN_UNREACHABLE_CODE = YES;
				CLANG_WARN__DUPLICATE_METHOD_MATCH = YES;
				COPY_PHASE_STRIP = NO;
				DEAD_CODE_STRIPPING = YES;
				DEBUG_INFORMATION_FORMAT = "dwarf-with-dsym";
				ENABLE_NS_ASSERTIONS = NO;
				ENABLE_STRICT_OBJC_MSGSEND = YES;
				ENABLE_USER_SCRIPT_SANDBOXING = YES;
				EXCLUDED_ARCHS = "";
				GCC_C_LANGUAGE_STANDARD = gnu11;
				GCC_NO_COMMON_BLOCKS = YES;
				GCC_WARN_64_TO_32_BIT_CONVERSION = YES;
				GCC_WARN_ABOUT_RETURN_TYPE = YES_ERROR;
				GCC_WARN_UNDECLARED_SELECTOR = YES;
				GCC_WARN_UNINITIALIZED_AUTOS = YES_AGGRESSIVE;
				GCC_WARN_UNUSED_FUNCTION = YES;
				GCC_WARN_UNUSED_VARIABLE = YES;
				HEADER_SEARCH_PATHS = /opt/homebrew/Cellar/cairo/1.18.0/include/cairo;
				LIBRARY_SEARCH_PATHS = /opt/homebrew/lib;
				MACOSX_DEPLOYMENT_TARGET = 14.0;
				MTL_ENABLE_DEBUG_INFO = NO;
				MTL_FAST_MATH = YES;
				ONLY_ACTIVE_ARCH = YES;
				SDKROOT = macosx;
				SWIFT_COMPILATION_MODE = singlefile;
				SWIFT_OPTIMIZATION_LEVEL = "-O";
			};
			name = Release;
		};
		9898383229A6C09000B4AA98 /* Debug */ = {
			isa = XCBuildConfiguration;
			buildSettings = {
				ASSETCATALOG_COMPILER_APPICON_NAME = AppIcon;
				ASSETCATALOG_COMPILER_GLOBAL_ACCENT_COLOR_NAME = AccentColor;
				CODE_SIGN_ENTITLEMENTS = Sources/MolecularRendererApp/MolecularRenderer.entitlements;
				"CODE_SIGN_IDENTITY[sdk=macosx*]" = "Apple Development";
				CODE_SIGN_STYLE = Automatic;
				COMBINE_HIDPI_IMAGES = YES;
				CURRENT_PROJECT_VERSION = 1;
				DEAD_CODE_STRIPPING = YES;
				DEVELOPMENT_ASSET_PATHS = "\"Sources/MolecularRendererApp/Preview Content\"";
				DEVELOPMENT_TEAM = 6T952M2592;
				ENABLE_HARDENED_RUNTIME = YES;
				ENABLE_PREVIEWS = YES;
				GENERATE_INFOPLIST_FILE = YES;
				INFOPLIST_KEY_NSHumanReadableCopyright = "";
				LD_RUNPATH_SEARCH_PATHS = (
					"$(inherited)",
					"@executable_path/../Frameworks",
				);
				LIBRARY_SEARCH_PATHS = /Users/philipturner/miniforge3/lib;
				MACOSX_DEPLOYMENT_TARGET = 14.0;
				MARKETING_VERSION = 1.0;
				PRODUCT_BUNDLE_IDENTIFIER = "com.philipturner-opensource.MolecularRenderer";
				PRODUCT_NAME = "$(TARGET_NAME)";
				SWIFT_EMIT_LOC_STRINGS = YES;
				SWIFT_VERSION = 5.0;
			};
			name = Debug;
		};
		9898383329A6C09000B4AA98 /* Release */ = {
			isa = XCBuildConfiguration;
			buildSettings = {
				ASSETCATALOG_COMPILER_APPICON_NAME = AppIcon;
				ASSETCATALOG_COMPILER_GLOBAL_ACCENT_COLOR_NAME = AccentColor;
				CODE_SIGN_ENTITLEMENTS = Sources/MolecularRendererApp/MolecularRenderer.entitlements;
				"CODE_SIGN_IDENTITY[sdk=macosx*]" = "Apple Development";
				CODE_SIGN_STYLE = Automatic;
				COMBINE_HIDPI_IMAGES = YES;
				CURRENT_PROJECT_VERSION = 1;
				DEAD_CODE_STRIPPING = YES;
				DEVELOPMENT_ASSET_PATHS = "\"Sources/MolecularRendererApp/Preview Content\"";
				DEVELOPMENT_TEAM = 6T952M2592;
				ENABLE_HARDENED_RUNTIME = YES;
				ENABLE_PREVIEWS = YES;
				GENERATE_INFOPLIST_FILE = YES;
				INFOPLIST_KEY_NSHumanReadableCopyright = "";
				LD_RUNPATH_SEARCH_PATHS = (
					"$(inherited)",
					"@executable_path/../Frameworks",
				);
				LIBRARY_SEARCH_PATHS = /Users/philipturner/miniforge3/lib;
				MACOSX_DEPLOYMENT_TARGET = 14.0;
				MARKETING_VERSION = 1.0;
				ONLY_ACTIVE_ARCH = YES;
				PRODUCT_BUNDLE_IDENTIFIER = "com.philipturner-opensource.MolecularRenderer";
				PRODUCT_NAME = "$(TARGET_NAME)";
				SWIFT_COMPILATION_MODE = singlefile;
				SWIFT_EMIT_LOC_STRINGS = YES;
				SWIFT_VERSION = 5.0;
			};
			name = Release;
		};
		98F638A92A34A24E00F51E95 /* Debug */ = {
			isa = XCBuildConfiguration;
			buildSettings = {
				CODE_SIGN_STYLE = Automatic;
				DEVELOPMENT_TEAM = 6T952M2592;
				INFOPLIST_KEY_MetalCaptureEnabled = YES;
				MACOSX_DEPLOYMENT_TARGET = 14.0;
				PRODUCT_NAME = "$(TARGET_NAME)";
			};
			name = Debug;
		};
		98F638AA2A34A24E00F51E95 /* Release */ = {
			isa = XCBuildConfiguration;
			buildSettings = {
				CODE_SIGN_STYLE = Automatic;
				DEVELOPMENT_TEAM = 6T952M2592;
				MACOSX_DEPLOYMENT_TARGET = 14.0;
				MTL_ENABLE_DEBUG_INFO = INCLUDE_SOURCE;
				PRODUCT_NAME = "$(TARGET_NAME)";
			};
			name = Release;
		};
/* End XCBuildConfiguration section */

/* Begin XCConfigurationList section */
		9898381D29A6C08F00B4AA98 /* Build configuration list for PBXProject "MolecularRenderer" */ = {
			isa = XCConfigurationList;
			buildConfigurations = (
				9898382F29A6C09000B4AA98 /* Debug */,
				9898383029A6C09000B4AA98 /* Release */,
			);
			defaultConfigurationIsVisible = 0;
			defaultConfigurationName = Release;
		};
		9898383129A6C09000B4AA98 /* Build configuration list for PBXNativeTarget "MolecularRendererApp" */ = {
			isa = XCConfigurationList;
			buildConfigurations = (
				9898383229A6C09000B4AA98 /* Debug */,
				9898383329A6C09000B4AA98 /* Release */,
			);
			defaultConfigurationIsVisible = 0;
			defaultConfigurationName = Release;
		};
		98F638A82A34A24E00F51E95 /* Build configuration list for PBXNativeTarget "MolecularRendererGPU" */ = {
			isa = XCConfigurationList;
			buildConfigurations = (
				98F638A92A34A24E00F51E95 /* Debug */,
				98F638AA2A34A24E00F51E95 /* Release */,
			);
			defaultConfigurationIsVisible = 0;
			defaultConfigurationName = Release;
		};
/* End XCConfigurationList section */

/* Begin XCLocalSwiftPackageReference section */
		9814BFD02B22C45000BA5B24 /* XCLocalSwiftPackageReference "" */ = {
			isa = XCLocalSwiftPackageReference;
			relativePath = "";
		};
		9818224F2AE57443009CFAA8 /* XCLocalSwiftPackageReference "" */ = {
			isa = XCLocalSwiftPackageReference;
			relativePath = "";
		};
		98F852C02AF5B1A600986E61 /* XCLocalSwiftPackageReference "" */ = {
			isa = XCLocalSwiftPackageReference;
			relativePath = "";
		};
/* End XCLocalSwiftPackageReference section */

/* Begin XCRemoteSwiftPackageReference section */
		9814BFD32B22C57100BA5B24 /* XCRemoteSwiftPackageReference "MM4" */ = {
			isa = XCRemoteSwiftPackageReference;
			repositoryURL = "https://github.com/philipturner/MM4";
			requirement = {
				branch = main;
				kind = branch;
			};
		};
		9814BFD62B22C58A00BA5B24 /* XCRemoteSwiftPackageReference "HDL" */ = {
			isa = XCRemoteSwiftPackageReference;
			repositoryURL = "https://github.com/philipturner/HDL";
			requirement = {
				branch = main;
				kind = branch;
			};
		};
		9818223C2AE56D57009CFAA8 /* XCRemoteSwiftPackageReference "KeyCodes" */ = {
			isa = XCRemoteSwiftPackageReference;
			repositoryURL = "https://github.com/ChimeHQ/KeyCodes";
			requirement = {
				kind = upToNextMajorVersion;
				minimumVersion = 0.1.1;
			};
		};
		9818223F2AE56D5E009CFAA8 /* XCRemoteSwiftPackageReference "swift-atomics" */ = {
			isa = XCRemoteSwiftPackageReference;
			repositoryURL = "https://github.com/apple/swift-atomics.git";
			requirement = {
				kind = upToNextMajorVersion;
				minimumVersion = 1.2.0;
			};
		};
		981822422AE56D6D009CFAA8 /* XCRemoteSwiftPackageReference "swift-openmm" */ = {
			isa = XCRemoteSwiftPackageReference;
			repositoryURL = "https://github.com/philipturner/swift-openmm";
			requirement = {
				branch = main;
				kind = branch;
			};
		};
		981822452AE56D7C009CFAA8 /* XCRemoteSwiftPackageReference "swift-gif" */ = {
			isa = XCRemoteSwiftPackageReference;
			repositoryURL = "https://github.com/philipturner/swift-gif";
			requirement = {
				branch = main;
				kind = branch;
			};
		};
/* End XCRemoteSwiftPackageReference section */

/* Begin XCSwiftPackageProductDependency section */
		9814BFD12B22C45000BA5B24 /* MolecularRenderer */ = {
			isa = XCSwiftPackageProductDependency;
			productName = MolecularRenderer;
		};
		9814BFD42B22C57100BA5B24 /* MM4 */ = {
			isa = XCSwiftPackageProductDependency;
			package = 9814BFD32B22C57100BA5B24 /* XCRemoteSwiftPackageReference "MM4" */;
			productName = MM4;
		};
		9814BFD72B22C58A00BA5B24 /* HDL */ = {
			isa = XCSwiftPackageProductDependency;
			package = 9814BFD62B22C58A00BA5B24 /* XCRemoteSwiftPackageReference "HDL" */;
			productName = HDL;
		};
		9818223D2AE56D57009CFAA8 /* KeyCodes */ = {
			isa = XCSwiftPackageProductDependency;
			package = 9818223C2AE56D57009CFAA8 /* XCRemoteSwiftPackageReference "KeyCodes" */;
			productName = KeyCodes;
		};
		981822402AE56D5E009CFAA8 /* Atomics */ = {
			isa = XCSwiftPackageProductDependency;
			package = 9818223F2AE56D5E009CFAA8 /* XCRemoteSwiftPackageReference "swift-atomics" */;
			productName = Atomics;
		};
		981822462AE56D7C009CFAA8 /* GIF */ = {
			isa = XCSwiftPackageProductDependency;
			package = 981822452AE56D7C009CFAA8 /* XCRemoteSwiftPackageReference "swift-gif" */;
			productName = GIF;
		};
		981822542AE574C0009CFAA8 /* OpenMM */ = {
			isa = XCSwiftPackageProductDependency;
			package = 981822422AE56D6D009CFAA8 /* XCRemoteSwiftPackageReference "swift-openmm" */;
			productName = OpenMM;
		};
/* End XCSwiftPackageProductDependency section */
	};
	rootObject = 9898381A29A6C08F00B4AA98 /* Project object */;
}
